{
  "version": 4,
  "terraform_version": "1.0.11",
  "serial": 235,
  "lineage": "3d94a7a0-82ea-8cd6-627e-fae1f00c3a2d",
  "outputs": {
    "elb_link": {
      "value": "Wordpress-elb-2051543684.us-east-1.elb.amazonaws.com",
      "type": "string"
    }
  },
  "resources": [
    {
      "mode": "data",
      "type": "aws_dynamodb_table",
      "name": "http-crud-assignment-items",
      "provider": "provider[\"registry.terraform.io/hashicorp/aws\"]",
      "instances": [
        {
          "schema_version": 0,
          "attributes": {
            "arn": "arn:aws:dynamodb:us-east-1:635183989824:table/http-crud-assignment-items",
            "attribute": [
              {
                "name": "id",
                "type": "S"
              }
            ],
            "billing_mode": "PROVISIONED",
            "global_secondary_index": [],
            "hash_key": "id",
            "id": "http-crud-assignment-items",
            "local_secondary_index": [],
            "name": "http-crud-assignment-items",
            "point_in_time_recovery": [
              {
                "enabled": false
              }
            ],
            "range_key": null,
            "read_capacity": 1,
            "replica": [],
            "server_side_encryption": [],
            "stream_arn": "",
            "stream_enabled": false,
            "stream_label": "",
            "stream_view_type": "",
            "tags": {
              "Environment": "test",
              "Name": "http-crud-assignment-items",
              "Project": "sre",
              "Terraform": "true"
            },
            "ttl": [
              {
                "attribute_name": "",
                "enabled": false
              }
            ],
            "write_capacity": 1
          },
          "sensitive_attributes": []
        }
      ]
    },
    {
      "mode": "data",
      "type": "aws_elb",
      "name": "elb_http",
      "provider": "provider[\"registry.terraform.io/hashicorp/aws\"]",
      "instances": [
        {
          "schema_version": 0,
          "attributes": {
            "access_logs": [],
            "arn": "arn:aws:elasticloadbalancing:us-east-1:635183989824:loadbalancer/Wordpress-elb",
            "availability_zones": [
              "us-east-1a",
              "us-east-1b",
              "us-east-1c",
              "us-east-1d",
              "us-east-1e",
              "us-east-1f"
            ],
            "connection_draining": false,
            "connection_draining_timeout": 300,
            "cross_zone_load_balancing": true,
            "desync_mitigation_mode": "defensive",
            "dns_name": "Wordpress-elb-2051543684.us-east-1.elb.amazonaws.com",
            "health_check": [
              {
                "healthy_threshold": 2,
                "interval": 300,
                "target": "HTTP:80/",
                "timeout": 60,
                "unhealthy_threshold": 5
              }
            ],
            "id": "Wordpress-elb",
            "idle_timeout": 60,
            "instances": [],
            "internal": false,
            "listener": [
              {
                "instance_port": 80,
                "instance_protocol": "http",
                "lb_port": 443,
                "lb_protocol": "https",
                "ssl_certificate_id": "arn:aws:acm:us-east-1:635183989824:certificate/c53782cf-d403-42b2-b7c9-ea6191b2e86a"
              },
              {
                "instance_port": 80,
                "instance_protocol": "http",
                "lb_port": 80,
                "lb_protocol": "http",
                "ssl_certificate_id": ""
              }
            ],
            "name": "Wordpress-elb",
            "security_groups": [
              "sg-045380cb263f121ea"
            ],
            "source_security_group": "635183989824/user-service-sg-20211203125946081000000001",
            "source_security_group_id": "sg-045380cb263f121ea",
            "subnets": [
              "subnet-05f2a9bcbcd95ff8d",
              "subnet-0a23d86e4e1bf4655",
              "subnet-0a8ff5514c3f4395e",
              "subnet-0b8a01cdf2106341e",
              "subnet-0d7e01415b99c25d8",
              "subnet-0ed016adef6be40fd"
            ],
            "tags": {
              "Name": "Wordpress-elb"
            },
            "zone_id": "Z35SXDOTRQ7X7K"
          },
          "sensitive_attributes": []
        }
      ]
    },
    {
      "mode": "data",
      "type": "aws_iam_policy_document",
      "name": "AWSLambdaTrustPolicy",
      "provider": "provider[\"registry.terraform.io/hashicorp/aws\"]",
      "instances": [
        {
          "schema_version": 0,
          "attributes": {
            "id": "183706632",
            "json": "{\n  \"Version\": \"2012-10-17\",\n  \"Statement\": [\n    {\n      \"Sid\": \"\",\n      \"Effect\": \"Allow\",\n      \"Action\": \"sts:AssumeRole\",\n      \"Principal\": {\n        \"Service\": [\n          \"apigateway.amazonaws.com\",\n          \"lambda.amazonaws.com\"\n        ]\n      }\n    }\n  ]\n}",
            "override_json": null,
            "override_policy_documents": null,
            "policy_id": null,
            "source_json": null,
            "source_policy_documents": null,
            "statement": [
              {
                "actions": [
                  "sts:AssumeRole"
                ],
                "condition": [],
                "effect": "Allow",
                "not_actions": [],
                "not_principals": [],
                "not_resources": [],
                "principals": [
                  {
                    "identifiers": [
                      "apigateway.amazonaws.com"
                    ],
                    "type": "Service"
                  },
                  {
                    "identifiers": [
                      "lambda.amazonaws.com"
                    ],
                    "type": "Service"
                  }
                ],
                "resources": [],
                "sid": ""
              }
            ],
            "version": "2012-10-17"
          },
          "sensitive_attributes": []
        }
      ]
    },
    {
      "mode": "data",
      "type": "aws_route53_zone",
      "name": "sre",
      "provider": "provider[\"registry.terraform.io/hashicorp/aws\"]",
      "instances": [
        {
          "schema_version": 0,
          "attributes": {
            "arn": "arn:aws:route53:::hostedzone/Z0544079276NVEICR3KJ2",
            "caller_reference": "RISWorkflow-RD:074afb33-89aa-48b4-b8ea-9d91628b5714",
            "comment": "HostedZone created by Route53 Registrar",
            "id": "Z0544079276NVEICR3KJ2",
            "linked_service_description": null,
            "linked_service_principal": null,
            "name": "sre-assignment.click",
            "name_servers": [
              "ns-63.awsdns-07.com",
              "ns-1716.awsdns-22.co.uk",
              "ns-642.awsdns-16.net",
              "ns-1058.awsdns-04.org"
            ],
            "private_zone": false,
            "resource_record_set_count": 6,
            "tags": {},
            "vpc_id": null,
            "zone_id": "Z0544079276NVEICR3KJ2"
          },
          "sensitive_attributes": []
        }
      ]
    },
    {
      "mode": "data",
      "type": "aws_subnet_ids",
      "name": "default",
      "provider": "provider[\"registry.terraform.io/hashicorp/aws\"]",
      "instances": [
        {
          "schema_version": 0,
          "attributes": {
            "filter": null,
            "id": "vpc-035ccf55b33a8ce62",
            "ids": [
              "subnet-016203169e67247cc",
              "subnet-02791ec12ddfa8bac",
              "subnet-080b7225400a69dd4",
              "subnet-083efc1ef596ce8bb",
              "subnet-0a20b6fe25ba278fb",
              "subnet-0ce96db436189843c"
            ],
            "tags": null,
            "vpc_id": "vpc-035ccf55b33a8ce62"
          },
          "sensitive_attributes": []
        }
      ]
    },
    {
      "mode": "data",
      "type": "aws_subnet_ids",
      "name": "private",
      "provider": "provider[\"registry.terraform.io/hashicorp/aws\"]",
      "instances": [
        {
          "schema_version": 0,
          "attributes": {
            "filter": null,
            "id": "vpc-030c2b9596fa82be7",
            "ids": [
              "subnet-010ecc3e28d008a29",
              "subnet-015197ce85fc6eb87",
              "subnet-06dc46b25c117aa32",
              "subnet-075d165df7658ff3e",
              "subnet-0931586f161cfa578",
              "subnet-0a7efad8e2e15210d"
            ],
            "tags": {
              "SubnetType": "private"
            },
            "vpc_id": "vpc-030c2b9596fa82be7"
          },
          "sensitive_attributes": []
        }
      ]
    },
    {
      "mode": "data",
      "type": "aws_subnet_ids",
      "name": "public",
      "provider": "provider[\"registry.terraform.io/hashicorp/aws\"]",
      "instances": [
        {
          "schema_version": 0,
          "attributes": {
            "filter": null,
            "id": "vpc-030c2b9596fa82be7",
            "ids": [
              "subnet-05f2a9bcbcd95ff8d",
              "subnet-0a23d86e4e1bf4655",
              "subnet-0a8ff5514c3f4395e",
              "subnet-0b8a01cdf2106341e",
              "subnet-0d7e01415b99c25d8",
              "subnet-0ed016adef6be40fd"
            ],
            "tags": {
              "SubnetType": "public"
            },
            "vpc_id": "vpc-030c2b9596fa82be7"
          },
          "sensitive_attributes": []
        }
      ]
    },
    {
      "mode": "data",
      "type": "aws_vpc",
      "name": "default",
      "provider": "provider[\"registry.terraform.io/hashicorp/aws\"]",
      "instances": [
        {
          "schema_version": 0,
          "attributes": {
            "arn": "arn:aws:ec2:us-east-1:635183989824:vpc/vpc-035ccf55b33a8ce62",
            "cidr_block": "172.31.0.0/16",
            "cidr_block_associations": [
              {
                "association_id": "vpc-cidr-assoc-0c7b7c26944a44982",
                "cidr_block": "172.31.0.0/16",
                "state": "associated"
              }
            ],
            "default": true,
            "dhcp_options_id": "dopt-0faee6b4d1154be72",
            "enable_dns_hostnames": true,
            "enable_dns_support": true,
            "filter": null,
            "id": "vpc-035ccf55b33a8ce62",
            "instance_tenancy": "default",
            "ipv6_association_id": null,
            "ipv6_cidr_block": null,
            "main_route_table_id": "rtb-0b9b532bfbdeb92db",
            "owner_id": "635183989824",
            "state": "available",
            "tags": {}
          },
          "sensitive_attributes": []
        }
      ]
    },
    {
      "mode": "data",
      "type": "aws_vpc",
      "name": "private-public",
      "provider": "provider[\"registry.terraform.io/hashicorp/aws\"]",
      "instances": [
        {
          "schema_version": 0,
          "attributes": {
            "arn": "arn:aws:ec2:us-east-1:635183989824:vpc/vpc-030c2b9596fa82be7",
            "cidr_block": "10.0.0.0/16",
            "cidr_block_associations": [
              {
                "association_id": "vpc-cidr-assoc-01fde89691b073242",
                "cidr_block": "10.0.0.0/16",
                "state": "associated"
              }
            ],
            "default": false,
            "dhcp_options_id": "dopt-0faee6b4d1154be72",
            "enable_dns_hostnames": true,
            "enable_dns_support": true,
            "filter": null,
            "id": "vpc-030c2b9596fa82be7",
            "instance_tenancy": "default",
            "ipv6_association_id": null,
            "ipv6_cidr_block": null,
            "main_route_table_id": "rtb-0c0134ecc8942208c",
            "owner_id": "635183989824",
            "state": "available",
            "tags": {
              "Module": "terraform-aws-vpc-public-private",
              "Name": "sre-vpc-public-private",
              "Workspace": "default"
            }
          },
          "sensitive_attributes": []
        }
      ]
    },
    {
      "mode": "data",
      "type": "template_file",
      "name": "init",
      "provider": "provider[\"registry.terraform.io/hashicorp/template\"]",
      "instances": [
        {
          "schema_version": 0,
          "attributes": {
            "filename": null,
            "id": "b3bf52219d46e256a884999b502f796fa3d65f921d09e8b7a4b2ca0a9b3fe4ce",
            "rendered": "#!/bin/bash\r\n\r\nsleep 60\r\n#* update the instance\r\ncd /home/ec2-user\r\nsudo yum update -y\r\nsudo yum install git -y \r\nsudo yum install -y mysql\r\nsudo yum install -y dos2unix\r\nexport MYSQL_HOST=wordpress.cftywff0t5lo.us-east-1.rds.amazonaws.com\r\nsudo yum install -y httpd\r\nsudo service httpd start\r\nwget https://wordpress.org/latest.tar.gz\r\ntar -xzf latest.tar.gz\r\ncd wordpress\r\ncp wp-config-sample.php wp-config.php\r\nsudo sed -i 's/database_name_here/wordpress/gi' wp-config.php\r\nsudo sed -i 's/username_here/wordpress/gi' wp-config.php\r\nsudo sed -i 's/password_here/Sreadmin@123/gi' wp-config.php\r\nsudo sed -i 's/localhost/wordpress.cftywff0t5lo.us-east-1.rds.amazonaws.com/gi' wp-config.php\r\nsed -i '/put your unique phrase here/d' wp-config.php\r\ncurl https://api.wordpress.org/secret-key/1.1/salt/ \u003e test\r\ncat test \u003e\u003e wp-config.php\r\nsudo dos2unix wp-config.php\r\nsudo amazon-linux-extras install -y lamp-mariadb10.2-php7.2 php7.2\r\ncd /home/ec2-user\r\nsudo cp -r wordpress/* /var/www/html/\r\nsudo service httpd restart",
            "template": "#!/bin/bash\r\n\r\nsleep 60\r\n#* update the instance\r\ncd /home/ec2-user\r\nsudo yum update -y\r\nsudo yum install git -y \r\nsudo yum install -y mysql\r\nsudo yum install -y dos2unix\r\nexport MYSQL_HOST=${DB_connection_string}\r\nsudo yum install -y httpd\r\nsudo service httpd start\r\nwget https://wordpress.org/latest.tar.gz\r\ntar -xzf latest.tar.gz\r\ncd wordpress\r\ncp wp-config-sample.php wp-config.php\r\nsudo sed -i 's/database_name_here/${DB_name}/gi' wp-config.php\r\nsudo sed -i 's/username_here/${DB_user}/gi' wp-config.php\r\nsudo sed -i 's/password_here/${DB_pass}/gi' wp-config.php\r\nsudo sed -i 's/localhost/${DB_host}/gi' wp-config.php\r\nsed -i '/put your unique phrase here/d' wp-config.php\r\ncurl https://api.wordpress.org/secret-key/1.1/salt/ \u003e test\r\ncat test \u003e\u003e wp-config.php\r\nsudo dos2unix wp-config.php\r\nsudo amazon-linux-extras install -y lamp-mariadb10.2-php7.2 php7.2\r\ncd /home/ec2-user\r\nsudo cp -r wordpress/* /var/www/html/\r\nsudo service httpd restart",
            "vars": {
              "DB_connection_string": "wordpress.cftywff0t5lo.us-east-1.rds.amazonaws.com",
              "DB_host": "wordpress.cftywff0t5lo.us-east-1.rds.amazonaws.com",
              "DB_name": "wordpress",
              "DB_pass": "Sreadmin@123",
              "DB_user": "wordpress"
            }
          },
          "sensitive_attributes": []
        }
      ]
    },
    {
      "mode": "managed",
      "type": "aws_acm_certificate",
      "name": "cert",
      "provider": "provider[\"registry.terraform.io/hashicorp/aws\"]",
      "instances": [
        {
          "schema_version": 0,
          "attributes": {
            "arn": "arn:aws:acm:us-east-1:635183989824:certificate/c53782cf-d403-42b2-b7c9-ea6191b2e86a",
            "certificate_authority_arn": "",
            "certificate_body": null,
            "certificate_chain": null,
            "domain_name": "*.sre-assignment.click",
            "domain_validation_options": [
              {
                "domain_name": "*.sre-assignment.click",
                "resource_record_name": "_5206f70a9481fa2b4af8dffd3b5c4488.sre-assignment.click.",
                "resource_record_type": "CNAME",
                "resource_record_value": "_8b088efbaa6f07e4e1fe5c9cc09776ee.kzhndfqvzk.acm-validations.aws."
              },
              {
                "domain_name": "api.sre-assignment.click",
                "resource_record_name": "_528b95d46b071db38717bf4e8e0f7df3.api.sre-assignment.click.",
                "resource_record_type": "CNAME",
                "resource_record_value": "_d8c68d13a6b33f59e0ca5fab383b9f3b.kzhndfqvzk.acm-validations.aws."
              }
            ],
            "id": "arn:aws:acm:us-east-1:635183989824:certificate/c53782cf-d403-42b2-b7c9-ea6191b2e86a",
            "options": [
              {
                "certificate_transparency_logging_preference": "ENABLED"
              }
            ],
            "private_key": null,
            "status": "ISSUED",
            "subject_alternative_names": [
              "api.sre-assignment.click"
            ],
            "tags": {
              "Environment": "dev",
              "Owner": "user"
            },
            "tags_all": {
              "Environment": "dev",
              "Owner": "user"
            },
            "validation_emails": [],
            "validation_method": "DNS"
          },
          "sensitive_attributes": [],
          "private": "bnVsbA==",
          "create_before_destroy": true
        }
      ]
    },
    {
      "mode": "managed",
      "type": "aws_apigatewayv2_api",
      "name": "http_api",
      "provider": "provider[\"registry.terraform.io/hashicorp/aws\"]",
      "instances": [
        {
          "schema_version": 0,
          "attributes": {
            "api_endpoint": "https://olhbsmtdv6.execute-api.us-east-1.amazonaws.com",
            "api_key_selection_expression": "$request.header.x-api-key",
            "arn": "arn:aws:apigateway:us-east-1::/apis/olhbsmtdv6",
            "body": null,
            "cors_configuration": [],
            "credentials_arn": null,
            "description": "",
            "disable_execute_api_endpoint": false,
            "execution_arn": "arn:aws:execute-api:us-east-1:635183989824:olhbsmtdv6",
            "fail_on_warnings": null,
            "id": "olhbsmtdv6",
            "name": "http-crud-assignment-api",
            "protocol_type": "HTTP",
            "route_key": "$default",
            "route_selection_expression": "$request.method $request.path",
            "tags": {},
            "tags_all": {},
            "target": "arn:aws:lambda:us-east-1:635183989824:function:http-crud-assignment-function",
            "version": ""
          },
          "sensitive_attributes": [],
          "private": "bnVsbA==",
          "dependencies": [
            "aws_iam_role.terraform_function_role",
            "aws_lambda_function.crud_function",
            "data.aws_iam_policy_document.AWSLambdaTrustPolicy"
          ]
        }
      ]
    },
    {
      "mode": "managed",
      "type": "aws_apigatewayv2_api_mapping",
      "name": "http_api",
      "provider": "provider[\"registry.terraform.io/hashicorp/aws\"]",
      "instances": [
        {
          "schema_version": 0,
          "attributes": {
            "api_id": "olhbsmtdv6",
            "api_mapping_key": "",
            "domain_name": "api.sre-assignment.click",
            "id": "453pa7",
            "stage": "$default"
          },
          "sensitive_attributes": [],
          "private": "bnVsbA==",
          "dependencies": [
            "aws_iam_role.terraform_function_role",
            "aws_lambda_function.crud_function",
            "data.aws_iam_policy_document.AWSLambdaTrustPolicy",
            "aws_acm_certificate.cert",
            "aws_apigatewayv2_api.http_api",
            "aws_apigatewayv2_domain_name.http_api"
          ]
        }
      ]
    },
    {
      "mode": "managed",
      "type": "aws_apigatewayv2_domain_name",
      "name": "http_api",
      "provider": "provider[\"registry.terraform.io/hashicorp/aws\"]",
      "instances": [
        {
          "schema_version": 0,
          "attributes": {
            "api_mapping_selection_expression": "$request.basepath",
            "arn": "arn:aws:apigateway:us-east-1::/domainnames/api.sre-assignment.click",
            "domain_name": "api.sre-assignment.click",
            "domain_name_configuration": [
              {
                "certificate_arn": "arn:aws:acm:us-east-1:635183989824:certificate/c53782cf-d403-42b2-b7c9-ea6191b2e86a",
                "endpoint_type": "REGIONAL",
                "hosted_zone_id": "Z1UJRXOUMOOFQ8",
                "security_policy": "TLS_1_2",
                "target_domain_name": "d-a8kjb1yhh9.execute-api.us-east-1.amazonaws.com"
              }
            ],
            "id": "api.sre-assignment.click",
            "mutual_tls_authentication": [],
            "tags": {},
            "tags_all": {},
            "timeouts": null
          },
          "sensitive_attributes": [],
          "private": "eyJlMmJmYjczMC1lY2FhLTExZTYtOGY4OC0zNDM2M2JjN2M0YzAiOnsiY3JlYXRlIjo2MDAwMDAwMDAwMDAsInVwZGF0ZSI6MzYwMDAwMDAwMDAwMH19",
          "dependencies": [
            "aws_acm_certificate.cert"
          ]
        }
      ]
    },
    {
      "mode": "managed",
      "type": "aws_apigatewayv2_integration",
      "name": "http_api",
      "provider": "provider[\"registry.terraform.io/hashicorp/aws\"]",
      "instances": [
        {
          "schema_version": 0,
          "attributes": {
            "api_id": "olhbsmtdv6",
            "connection_id": "",
            "connection_type": "INTERNET",
            "content_handling_strategy": "",
            "credentials_arn": "",
            "description": "",
            "id": "7icuvdf",
            "integration_method": "POST",
            "integration_response_selection_expression": "",
            "integration_subtype": "",
            "integration_type": "AWS_PROXY",
            "integration_uri": "arn:aws:apigateway:us-east-1:lambda:path/2015-03-31/functions/arn:aws:lambda:us-east-1:635183989824:function:http-crud-assignment-function/invocations",
            "passthrough_behavior": "",
            "payload_format_version": "2.0",
            "request_parameters": {},
            "request_templates": {},
            "response_parameters": [],
            "template_selection_expression": "",
            "timeout_milliseconds": 30000,
            "tls_config": []
          },
          "sensitive_attributes": [],
          "private": "bnVsbA==",
          "dependencies": [
            "aws_apigatewayv2_api.http_api",
            "aws_iam_role.terraform_function_role",
            "aws_lambda_function.crud_function",
            "data.aws_iam_policy_document.AWSLambdaTrustPolicy"
          ]
        }
      ]
    },
    {
      "mode": "managed",
      "type": "aws_apigatewayv2_route",
      "name": "delete",
      "provider": "provider[\"registry.terraform.io/hashicorp/aws\"]",
      "instances": [
        {
          "schema_version": 0,
          "attributes": {
            "api_id": "olhbsmtdv6",
            "api_key_required": false,
            "authorization_scopes": [],
            "authorization_type": "NONE",
            "authorizer_id": "",
            "id": "qg2nsua",
            "model_selection_expression": "",
            "operation_name": "",
            "request_models": {},
            "request_parameter": [],
            "route_key": "DELETE /items/{id}",
            "route_response_selection_expression": "",
            "target": "integrations/7icuvdf"
          },
          "sensitive_attributes": [],
          "private": "bnVsbA==",
          "dependencies": [
            "aws_apigatewayv2_api.http_api",
            "aws_apigatewayv2_integration.http_api",
            "aws_iam_role.terraform_function_role",
            "aws_lambda_function.crud_function",
            "data.aws_iam_policy_document.AWSLambdaTrustPolicy"
          ]
        }
      ]
    },
    {
      "mode": "managed",
      "type": "aws_apigatewayv2_route",
      "name": "get1",
      "provider": "provider[\"registry.terraform.io/hashicorp/aws\"]",
      "instances": [
        {
          "schema_version": 0,
          "attributes": {
            "api_id": "olhbsmtdv6",
            "api_key_required": false,
            "authorization_scopes": [],
            "authorization_type": "NONE",
            "authorizer_id": "",
            "id": "x2kyjl1",
            "model_selection_expression": "",
            "operation_name": "",
            "request_models": {},
            "request_parameter": [],
            "route_key": "GET /items/{id}",
            "route_response_selection_expression": "",
            "target": "integrations/7icuvdf"
          },
          "sensitive_attributes": [],
          "private": "bnVsbA==",
          "dependencies": [
            "aws_apigatewayv2_api.http_api",
            "aws_apigatewayv2_integration.http_api",
            "aws_iam_role.terraform_function_role",
            "aws_lambda_function.crud_function",
            "data.aws_iam_policy_document.AWSLambdaTrustPolicy"
          ]
        }
      ]
    },
    {
      "mode": "managed",
      "type": "aws_apigatewayv2_route",
      "name": "get2",
      "provider": "provider[\"registry.terraform.io/hashicorp/aws\"]",
      "instances": [
        {
          "schema_version": 0,
          "attributes": {
            "api_id": "olhbsmtdv6",
            "api_key_required": false,
            "authorization_scopes": [],
            "authorization_type": "NONE",
            "authorizer_id": "",
            "id": "051i4z2",
            "model_selection_expression": "",
            "operation_name": "",
            "request_models": {},
            "request_parameter": [],
            "route_key": "GET /items",
            "route_response_selection_expression": "",
            "target": "integrations/7icuvdf"
          },
          "sensitive_attributes": [],
          "private": "bnVsbA==",
          "dependencies": [
            "aws_apigatewayv2_integration.http_api",
            "aws_iam_role.terraform_function_role",
            "aws_lambda_function.crud_function",
            "data.aws_iam_policy_document.AWSLambdaTrustPolicy",
            "aws_apigatewayv2_api.http_api"
          ]
        }
      ]
    },
    {
      "mode": "managed",
      "type": "aws_apigatewayv2_route",
      "name": "put",
      "provider": "provider[\"registry.terraform.io/hashicorp/aws\"]",
      "instances": [
        {
          "schema_version": 0,
          "attributes": {
            "api_id": "olhbsmtdv6",
            "api_key_required": false,
            "authorization_scopes": [],
            "authorization_type": "NONE",
            "authorizer_id": "",
            "id": "lt3am66",
            "model_selection_expression": "",
            "operation_name": "",
            "request_models": {},
            "request_parameter": [],
            "route_key": "PUT /items",
            "route_response_selection_expression": "",
            "target": "integrations/7icuvdf"
          },
          "sensitive_attributes": [],
          "private": "bnVsbA==",
          "dependencies": [
            "aws_apigatewayv2_api.http_api",
            "aws_apigatewayv2_integration.http_api",
            "aws_iam_role.terraform_function_role",
            "aws_lambda_function.crud_function",
            "data.aws_iam_policy_document.AWSLambdaTrustPolicy"
          ]
        }
      ]
    },
    {
      "mode": "managed",
      "type": "aws_autoscaling_attachment",
      "name": "asg_attachment_bar",
      "provider": "provider[\"registry.terraform.io/hashicorp/aws\"]",
      "instances": []
    },
    {
      "mode": "managed",
      "type": "aws_iam_role",
      "name": "terraform_function_role",
      "provider": "provider[\"registry.terraform.io/hashicorp/aws\"]",
      "instances": [
        {
          "schema_version": 0,
          "attributes": {
            "arn": "arn:aws:iam::635183989824:role/http-crud-assignment-role",
            "assume_role_policy": "{\"Version\":\"2012-10-17\",\"Statement\":[{\"Sid\":\"\",\"Effect\":\"Allow\",\"Principal\":{\"Service\":[\"apigateway.amazonaws.com\",\"lambda.amazonaws.com\"]},\"Action\":\"sts:AssumeRole\"}]}",
            "create_date": "2021-12-01T13:59:10Z",
            "description": "",
            "force_detach_policies": false,
            "id": "http-crud-assignment-role",
            "inline_policy": [
              {
                "name": "DynamoDB_Table",
                "policy": "{\"Statement\":[{\"Action\":[\"dynamodb:*\"],\"Effect\":\"Allow\",\"Resource\":\"*\"}],\"Version\":\"2012-10-17\"}"
              }
            ],
            "managed_policy_arns": [
              "arn:aws:iam::aws:policy/service-role/AWSLambdaBasicExecutionRole"
            ],
            "max_session_duration": 3600,
            "name": "http-crud-assignment-role",
            "name_prefix": "",
            "path": "/",
            "permissions_boundary": null,
            "tags": {},
            "tags_all": {},
            "unique_id": "AROAZHY7KQRANYUCHWCDC"
          },
          "sensitive_attributes": [],
          "private": "bnVsbA==",
          "dependencies": [
            "data.aws_iam_policy_document.AWSLambdaTrustPolicy"
          ]
        }
      ]
    },
    {
      "mode": "managed",
      "type": "aws_iam_role_policy_attachment",
      "name": "terraform_lambda_policy",
      "provider": "provider[\"registry.terraform.io/hashicorp/aws\"]",
      "instances": [
        {
          "schema_version": 0,
          "attributes": {
            "id": "http-crud-assignment-role-20211201135917158000000006",
            "policy_arn": "arn:aws:iam::aws:policy/service-role/AWSLambdaBasicExecutionRole",
            "role": "http-crud-assignment-role"
          },
          "sensitive_attributes": [],
          "private": "bnVsbA==",
          "dependencies": [
            "aws_iam_role.terraform_function_role",
            "data.aws_iam_policy_document.AWSLambdaTrustPolicy"
          ]
        }
      ]
    },
    {
      "mode": "managed",
      "type": "aws_key_pair",
      "name": "ec2key",
      "provider": "provider[\"registry.terraform.io/hashicorp/aws\"]",
      "instances": [
        {
          "schema_version": 1,
          "attributes": {
            "arn": "arn:aws:ec2:us-east-1:635183989824:key-pair/id_rsa.pub",
            "fingerprint": "6d:6a:2d:06:46:35:9b:74:df:13:54:14:b4:62:b5:b3",
            "id": "id_rsa.pub",
            "key_name": "id_rsa.pub",
            "key_name_prefix": "",
            "key_pair_id": "key-0f8b4cd389083f296",
            "public_key": "ssh-rsa AAAAB3NzaC1yc2EAAAADAQABAAACAQDJ9zk/FWYZHOy1iSxiRKpcOE28W27gEaHSj9beK4wgiFkP/lIe9ksbul8wn7qBaLrvzcsiYet0rkbOyfnqnj79ZhawJCiHcJPBjdgQrOozwTEGfz/V1QZgfT6uaz61Q362F4qDHK2szReFw+2dyr2NRUEtG+TyBuJ1UfjrYlFXkRZDril8vUkqvYD2dxK6qwSKc/YN0kKhV/xCGqFcF3fu53XMxT9faaf1vCPboA62NHhk7jlIpwq+l3s8mOOYfbbv6xoKJERjOSQQwrSk8VxCONnGZynORNGPjS7shOkARqdjLpWZ/kMeBimADkIOkScdnfOHjpiPZA5dcacdGgKZFyk3TxP6BuO3evUZ0ikuwqDsLfN7Cy2Jt3yVHEagyouHa2NGUh5TXZsF2Tp+RjEAMAZEwAHSp3tv5XZH+Hw2/Z4YPjDhwr6qNCNdLrrB37QiMktmlvDiLjR2phrkjUOa8tqtHxNeuGH+UDm7tmmdUxz7GxFecHzsEeBApoUiGdRzjIY34WyK3XRjMmx+BUVJQYvUtQMcEO7ZzgjpovifS7o6mB9gUfq+YaqEGJ4pmzzhggbHfO9Rcmk+3mOwAWhGafr3DbxyxvXypjWsOmfvl5Y3gP+r8BHidrR5pfON06iPCjx4B/8DoQmeV9MuPjLq20tnuRFJlFz2lxhjQGx2Cw== accts324@gmail.com",
            "tags": {},
            "tags_all": {}
          },
          "sensitive_attributes": [],
          "private": "eyJzY2hlbWFfdmVyc2lvbiI6IjEifQ==",
          "create_before_destroy": true
        }
      ]
    },
    {
      "mode": "managed",
      "type": "aws_lambda_function",
      "name": "crud_function",
      "provider": "provider[\"registry.terraform.io/hashicorp/aws\"]",
      "instances": [
        {
          "schema_version": 0,
          "attributes": {
            "architectures": [
              "x86_64"
            ],
            "arn": "arn:aws:lambda:us-east-1:635183989824:function:http-crud-assignment-function",
            "code_signing_config_arn": "",
            "dead_letter_config": [],
            "description": "",
            "environment": [],
            "file_system_config": [],
            "filename": "code/index.zip",
            "function_name": "http-crud-assignment-function",
            "handler": "index.handler",
            "id": "http-crud-assignment-function",
            "image_config": [],
            "image_uri": "",
            "invoke_arn": "arn:aws:apigateway:us-east-1:lambda:path/2015-03-31/functions/arn:aws:lambda:us-east-1:635183989824:function:http-crud-assignment-function/invocations",
            "kms_key_arn": "",
            "last_modified": "2021-12-03T10:53:35.354+0000",
            "layers": [],
            "memory_size": 128,
            "package_type": "Zip",
            "publish": false,
            "qualified_arn": "arn:aws:lambda:us-east-1:635183989824:function:http-crud-assignment-function:$LATEST",
            "reserved_concurrent_executions": -1,
            "role": "arn:aws:iam::635183989824:role/http-crud-assignment-role",
            "runtime": "nodejs14.x",
            "s3_bucket": null,
            "s3_key": null,
            "s3_object_version": null,
            "signing_job_arn": "",
            "signing_profile_version_arn": "",
            "source_code_hash": "gxosrIg2KvWL2FXzvRQxTgCmRtozaXcP163DUyPdjcM=",
            "source_code_size": 752,
            "tags": {},
            "tags_all": {},
            "timeout": 3,
            "timeouts": null,
            "tracing_config": [
              {
                "mode": "PassThrough"
              }
            ],
            "version": "$LATEST",
            "vpc_config": []
          },
          "sensitive_attributes": [],
          "private": "eyJlMmJmYjczMC1lY2FhLTExZTYtOGY4OC0zNDM2M2JjN2M0YzAiOnsiY3JlYXRlIjo2MDAwMDAwMDAwMDB9fQ==",
          "dependencies": [
            "aws_iam_role.terraform_function_role",
            "data.aws_iam_policy_document.AWSLambdaTrustPolicy"
          ]
        }
      ]
    },
    {
      "mode": "managed",
      "type": "aws_lambda_permission",
      "name": "http_api",
      "provider": "provider[\"registry.terraform.io/hashicorp/aws\"]",
      "instances": [
        {
          "schema_version": 0,
          "attributes": {
            "action": "lambda:InvokeFunction",
            "event_source_token": null,
            "function_name": "http-crud-assignment-function",
            "id": "terraform-20211203105334493300000006",
            "principal": "apigateway.amazonaws.com",
            "qualifier": "",
            "source_account": null,
            "source_arn": "arn:aws:execute-api:us-east-1:635183989824:olhbsmtdv6/*/*",
            "statement_id": "terraform-20211203105334493300000006",
            "statement_id_prefix": null
          },
          "sensitive_attributes": [],
          "private": "bnVsbA==",
          "dependencies": [
            "aws_lambda_function.crud_function",
            "data.aws_iam_policy_document.AWSLambdaTrustPolicy",
            "aws_apigatewayv2_api.http_api",
            "aws_iam_role.terraform_function_role"
          ]
        }
      ]
    },
    {
      "mode": "managed",
      "type": "aws_route53_record",
      "name": "http_api",
      "provider": "provider[\"registry.terraform.io/hashicorp/aws\"]",
      "instances": [
        {
          "schema_version": 2,
          "attributes": {
            "alias": [
              {
                "evaluate_target_health": false,
                "name": "d-a8kjb1yhh9.execute-api.us-east-1.amazonaws.com",
                "zone_id": "Z1UJRXOUMOOFQ8"
              }
            ],
            "allow_overwrite": null,
            "failover_routing_policy": [],
            "fqdn": "api.sre-assignment.click",
            "geolocation_routing_policy": [],
            "health_check_id": "",
            "id": "Z0544079276NVEICR3KJ2_api.sre-assignment.click_A",
            "latency_routing_policy": [],
            "multivalue_answer_routing_policy": null,
            "name": "api.sre-assignment.click",
            "records": [],
            "set_identifier": "",
            "ttl": 0,
            "type": "A",
            "weighted_routing_policy": [],
            "zone_id": "Z0544079276NVEICR3KJ2"
          },
          "sensitive_attributes": [],
          "private": "eyJzY2hlbWFfdmVyc2lvbiI6IjIifQ==",
          "dependencies": [
            "aws_acm_certificate.cert",
            "aws_apigatewayv2_domain_name.http_api",
            "data.aws_route53_zone.sre"
          ]
        }
      ]
    },
    {
      "mode": "managed",
      "type": "aws_route53_record",
      "name": "sre-assignment",
      "provider": "provider[\"registry.terraform.io/hashicorp/aws\"]",
      "instances": [
        {
          "schema_version": 2,
          "attributes": {
            "alias": [],
            "allow_overwrite": null,
            "failover_routing_policy": [],
            "fqdn": "wordpress.sre-assignment.click",
            "geolocation_routing_policy": [],
            "health_check_id": "",
            "id": "Z0544079276NVEICR3KJ2_wordpress.sre-assignment.click_CNAME",
            "latency_routing_policy": [],
            "multivalue_answer_routing_policy": null,
            "name": "wordpress.sre-assignment.click",
            "records": [
              "Wordpress-elb-2051543684.us-east-1.elb.amazonaws.com"
            ],
            "set_identifier": "",
            "ttl": 60,
            "type": "CNAME",
            "weighted_routing_policy": [],
            "zone_id": "Z0544079276NVEICR3KJ2"
          },
          "sensitive_attributes": [],
          "private": "eyJzY2hlbWFfdmVyc2lvbiI6IjIifQ==",
          "dependencies": [
            "aws_acm_certificate.cert",
            "data.aws_elb.elb_http",
            "data.aws_route53_zone.sre",
            "data.aws_subnet_ids.public",
            "data.aws_vpc.private-public",
            "module.elb_http.module.elb.aws_elb.this",
            "module.elb_http.module.elb_attachment.aws_elb_attachment.this",
            "module.instance_sg.aws_security_group.this",
            "module.instance_sg.aws_security_group.this_name_prefix"
          ]
        }
      ]
    },
    {
      "module": "module.auto_scaling",
      "mode": "managed",
      "type": "aws_autoscaling_group",
      "name": "this",
      "provider": "provider[\"registry.terraform.io/hashicorp/aws\"]",
      "instances": []
    },
    {
      "module": "module.auto_scaling",
      "mode": "managed",
      "type": "aws_autoscaling_group",
      "name": "this_with_initial_lifecycle_hook",
      "provider": "provider[\"registry.terraform.io/hashicorp/aws\"]",
      "instances": []
    },
    {
      "module": "module.auto_scaling",
      "mode": "managed",
      "type": "null_resource",
      "name": "tags_as_list_of_maps",
      "provider": "provider[\"registry.terraform.io/hashicorp/null\"]",
      "instances": []
    },
    {
      "module": "module.auto_scaling",
      "mode": "managed",
      "type": "random_pet",
      "name": "asg_name",
      "provider": "provider[\"registry.terraform.io/hashicorp/random\"]",
      "instances": []
    },
    {
      "module": "module.db.module.db_instance",
      "mode": "data",
      "type": "aws_iam_policy_document",
      "name": "enhanced_monitoring",
      "provider": "provider[\"registry.terraform.io/hashicorp/aws\"]",
      "instances": [
        {
          "schema_version": 0,
          "attributes": {
            "id": "1813475199",
            "json": "{\n  \"Version\": \"2012-10-17\",\n  \"Statement\": [\n    {\n      \"Sid\": \"\",\n      \"Effect\": \"Allow\",\n      \"Action\": \"sts:AssumeRole\",\n      \"Principal\": {\n        \"Service\": \"monitoring.rds.amazonaws.com\"\n      }\n    }\n  ]\n}",
            "override_json": null,
            "override_policy_documents": null,
            "policy_id": null,
            "source_json": null,
            "source_policy_documents": null,
            "statement": [
              {
                "actions": [
                  "sts:AssumeRole"
                ],
                "condition": [],
                "effect": "Allow",
                "not_actions": [],
                "not_principals": [],
                "not_resources": [],
                "principals": [
                  {
                    "identifiers": [
                      "monitoring.rds.amazonaws.com"
                    ],
                    "type": "Service"
                  }
                ],
                "resources": [],
                "sid": ""
              }
            ],
            "version": "2012-10-17"
          },
          "sensitive_attributes": []
        }
      ]
    },
    {
      "module": "module.db.module.db_instance",
      "mode": "data",
      "type": "aws_partition",
      "name": "current",
      "provider": "provider[\"registry.terraform.io/hashicorp/aws\"]",
      "instances": [
        {
          "schema_version": 0,
          "attributes": {
            "dns_suffix": "amazonaws.com",
            "id": "aws",
            "partition": "aws",
            "reverse_dns_prefix": "com.amazonaws"
          },
          "sensitive_attributes": []
        }
      ]
    },
    {
      "module": "module.db.module.db_instance",
      "mode": "managed",
      "type": "aws_db_instance",
      "name": "this",
      "provider": "provider[\"registry.terraform.io/hashicorp/aws\"]",
      "instances": [
        {
          "index_key": 0,
          "schema_version": 1,
          "attributes": {
            "address": "wordpress.cftywff0t5lo.us-east-1.rds.amazonaws.com",
            "allocated_storage": 20,
            "allow_major_version_upgrade": false,
            "apply_immediately": false,
            "arn": "arn:aws:rds:us-east-1:635183989824:db:wordpress",
            "auto_minor_version_upgrade": true,
            "availability_zone": "us-east-1f",
            "backup_retention_period": 0,
            "backup_window": "03:00-06:00",
            "ca_cert_identifier": "rds-ca-2019",
            "character_set_name": "",
            "copy_tags_to_snapshot": false,
            "customer_owned_ip_enabled": false,
            "db_subnet_group_name": "wordpress-20211203125618745600000001",
            "delete_automated_backups": true,
            "deletion_protection": false,
            "domain": "",
            "domain_iam_role_name": "",
            "enabled_cloudwatch_logs_exports": [
              "general"
            ],
            "endpoint": "wordpress.cftywff0t5lo.us-east-1.rds.amazonaws.com:3306",
            "engine": "mysql",
            "engine_version": "8.0.23",
            "engine_version_actual": "8.0.23",
            "final_snapshot_identifier": null,
            "hosted_zone_id": "Z2R2ITUGPM61AM",
            "iam_database_authentication_enabled": false,
            "id": "wordpress",
            "identifier": "wordpress",
            "identifier_prefix": null,
            "instance_class": "db.t3.micro",
            "iops": 0,
            "kms_key_id": "",
            "latest_restorable_time": "0001-01-01T00:00:00Z",
            "license_model": "general-public-license",
            "maintenance_window": "mon:00:00-mon:03:00",
            "max_allocated_storage": 100,
            "monitoring_interval": 0,
            "monitoring_role_arn": "",
            "multi_az": true,
            "name": "wordpress",
            "nchar_character_set_name": "",
            "option_group_name": "wordpress-20211203105321818000000002",
            "parameter_group_name": "wordpress-20211203105321819100000004",
            "password": "Welcome123",
            "performance_insights_enabled": false,
            "performance_insights_kms_key_id": "",
            "performance_insights_retention_period": 0,
            "port": 3306,
            "publicly_accessible": false,
            "replica_mode": "",
            "replicas": [],
            "replicate_source_db": "",
            "resource_id": "db-XEYYNLQJC7FET5ARCCAZU5QMTA",
            "restore_to_point_in_time": [],
            "s3_import": [],
            "security_group_names": null,
            "skip_final_snapshot": true,
            "snapshot_identifier": null,
            "status": "available",
            "storage_encrypted": false,
            "storage_type": "gp2",
            "tags": {
              "Environment": "dev",
              "Name": "wordpress",
              "Owner": "user",
              "Sensitive": "high"
            },
            "tags_all": {
              "Environment": "dev",
              "Name": "wordpress",
              "Owner": "user",
              "Sensitive": "high"
            },
            "timeouts": {
              "create": "40m",
              "delete": "40m",
              "update": "80m"
            },
            "timezone": "",
            "username": "admin",
            "vpc_security_group_ids": [
              "sg-01a02aa3e6f4d4766"
            ]
          },
          "sensitive_attributes": [],
          "private": "eyJlMmJmYjczMC1lY2FhLTExZTYtOGY4OC0zNDM2M2JjN2M0YzAiOnsiY3JlYXRlIjoyNDAwMDAwMDAwMDAwLCJkZWxldGUiOjI0MDAwMDAwMDAwMDAsInVwZGF0ZSI6NDgwMDAwMDAwMDAwMH0sInNjaGVtYV92ZXJzaW9uIjoiMSJ9",
          "dependencies": [
            "data.aws_vpc.private-public",
            "module.db.module.db_instance.aws_iam_role.enhanced_monitoring",
            "module.db.module.db_instance.random_id.snapshot_identifier",
            "module.db.module.db_option_group.aws_db_option_group.this",
            "module.db.module.db_parameter_group.aws_db_parameter_group.this",
            "module.db.module.db_subnet_group.aws_db_subnet_group.this",
            "module.db.random_password.master_password",
            "module.instance_sg.aws_security_group.this",
            "module.instance_sg.aws_security_group.this_name_prefix",
            "module.instance_sg.aws_security_group_rule.computed_egress_rules",
            "module.instance_sg.aws_security_group_rule.computed_egress_with_cidr_blocks",
            "module.instance_sg.aws_security_group_rule.computed_egress_with_ipv6_cidr_blocks",
            "module.instance_sg.aws_security_group_rule.computed_egress_with_self",
            "module.instance_sg.aws_security_group_rule.computed_egress_with_source_security_group_id",
            "module.instance_sg.aws_security_group_rule.computed_ingress_rules",
            "module.instance_sg.aws_security_group_rule.computed_ingress_with_cidr_blocks",
            "module.instance_sg.aws_security_group_rule.computed_ingress_with_ipv6_cidr_blocks",
            "module.instance_sg.aws_security_group_rule.computed_ingress_with_self",
            "module.instance_sg.aws_security_group_rule.computed_ingress_with_source_security_group_id",
            "module.instance_sg.aws_security_group_rule.egress_rules",
            "module.instance_sg.aws_security_group_rule.egress_with_cidr_blocks",
            "module.instance_sg.aws_security_group_rule.egress_with_ipv6_cidr_blocks",
            "module.instance_sg.aws_security_group_rule.egress_with_self",
            "module.instance_sg.aws_security_group_rule.egress_with_source_security_group_id",
            "module.instance_sg.aws_security_group_rule.ingress_rules",
            "module.instance_sg.aws_security_group_rule.ingress_with_cidr_blocks",
            "module.instance_sg.aws_security_group_rule.ingress_with_ipv6_cidr_blocks",
            "module.instance_sg.aws_security_group_rule.ingress_with_self",
            "module.instance_sg.aws_security_group_rule.ingress_with_source_security_group_id",
            "module.instance_sg_rds.aws_security_group.this",
            "module.instance_sg_rds.aws_security_group.this_name_prefix"
          ],
          "create_before_destroy": true
        }
      ]
    },
    {
      "module": "module.db.module.db_option_group",
      "mode": "managed",
      "type": "aws_db_option_group",
      "name": "this",
      "provider": "provider[\"registry.terraform.io/hashicorp/aws\"]",
      "instances": [
        {
          "index_key": 0,
          "schema_version": 0,
          "attributes": {
            "arn": "arn:aws:rds:us-east-1:635183989824:og:wordpress-20211203105321818000000002",
            "engine_name": "mysql",
            "id": "wordpress-20211203105321818000000002",
            "major_engine_version": "8.0",
            "name": "wordpress-20211203105321818000000002",
            "name_prefix": "wordpress-",
            "option": [],
            "option_group_description": "wordpress option group",
            "tags": {
              "Environment": "dev",
              "Name": "wordpress",
              "Owner": "user",
              "Sensitive": "low"
            },
            "tags_all": {
              "Environment": "dev",
              "Name": "wordpress",
              "Owner": "user",
              "Sensitive": "low"
            },
            "timeouts": {
              "delete": "15m"
            }
          },
          "sensitive_attributes": [],
          "private": "eyJlMmJmYjczMC1lY2FhLTExZTYtOGY4OC0zNDM2M2JjN2M0YzAiOnsiZGVsZXRlIjo5MDAwMDAwMDAwMDB9fQ==",
          "create_before_destroy": true
        }
      ]
    },
    {
      "module": "module.db.module.db_parameter_group",
      "mode": "managed",
      "type": "aws_db_parameter_group",
      "name": "this",
      "provider": "provider[\"registry.terraform.io/hashicorp/aws\"]",
      "instances": [
        {
          "index_key": 0,
          "schema_version": 0,
          "attributes": {
            "arn": "arn:aws:rds:us-east-1:635183989824:pg:wordpress-20211203105321819100000004",
            "description": "wordpress parameter group",
            "family": "mysql8.0",
            "id": "wordpress-20211203105321819100000004",
            "name": "wordpress-20211203105321819100000004",
            "name_prefix": "wordpress-",
            "parameter": [],
            "tags": {
              "Environment": "dev",
              "Name": "wordpress",
              "Owner": "user",
              "Sensitive": "low"
            },
            "tags_all": {
              "Environment": "dev",
              "Name": "wordpress",
              "Owner": "user",
              "Sensitive": "low"
            }
          },
          "sensitive_attributes": [],
          "private": "bnVsbA==",
          "create_before_destroy": true
        }
      ]
    },
    {
      "module": "module.db.module.db_subnet_group",
      "mode": "managed",
      "type": "aws_db_subnet_group",
      "name": "this",
      "provider": "provider[\"registry.terraform.io/hashicorp/aws\"]",
      "instances": [
        {
          "index_key": 0,
          "schema_version": 0,
          "attributes": {
            "arn": "arn:aws:rds:us-east-1:635183989824:subgrp:wordpress-20211203125618745600000001",
            "description": "wordpress subnet group",
            "id": "wordpress-20211203125618745600000001",
            "name": "wordpress-20211203125618745600000001",
            "name_prefix": "wordpress-",
            "subnet_ids": [
              "subnet-010ecc3e28d008a29",
              "subnet-015197ce85fc6eb87",
              "subnet-06dc46b25c117aa32",
              "subnet-075d165df7658ff3e",
              "subnet-0931586f161cfa578",
              "subnet-0a7efad8e2e15210d"
            ],
            "tags": {
              "Environment": "dev",
              "Name": "wordpress",
              "Owner": "user",
              "Sensitive": "high"
            },
            "tags_all": {
              "Environment": "dev",
              "Name": "wordpress",
              "Owner": "user",
              "Sensitive": "high"
            }
          },
          "sensitive_attributes": [],
          "private": "bnVsbA==",
          "dependencies": [
            "module.vpc-public-private.aws_eip.nat",
            "module.vpc-public-private.aws_iam_role_policy.this",
            "module.vpc-public-private.aws_internet_gateway.this",
            "module.vpc-public-private.aws_route_table_association.private",
            "module.vpc-public-private.aws_vpc.this",
            "module.vpc-public-private.data.aws_availability_zones.this",
            "module.vpc-public-private.aws_cloudwatch_log_group.this",
            "module.vpc-public-private.aws_nat_gateway.nat",
            "module.vpc-public-private.aws_route.private",
            "module.vpc-public-private.aws_route.public",
            "module.vpc-public-private.aws_s3_bucket.this",
            "module.vpc-public-private.data.aws_iam_policy_document.role",
            "module.vpc-public-private.random_id.this",
            "data.aws_subnet_ids.private",
            "data.aws_vpc.private-public",
            "module.vpc-public-private.aws_flow_log.this",
            "module.vpc-public-private.aws_route_table.public",
            "module.vpc-public-private.data.aws_vpc.default",
            "module.vpc-public-private.data.aws_subnet_ids.default",
            "module.vpc-public-private.aws_iam_role.this",
            "module.vpc-public-private.aws_route_table.private",
            "module.vpc-public-private.aws_route_table_association.public",
            "module.vpc-public-private.aws_subnet.private",
            "module.vpc-public-private.aws_subnet.public",
            "module.vpc-public-private.data.aws_iam_policy_document.role_policy_cloudwatch",
            "module.vpc-public-private.data.aws_subnet.default"
          ],
          "create_before_destroy": true
        }
      ]
    },
    {
      "module": "module.dynamodb_table",
      "mode": "managed",
      "type": "aws_appautoscaling_policy",
      "name": "table_read_policy",
      "provider": "provider[\"registry.terraform.io/hashicorp/aws\"]",
      "instances": [
        {
          "index_key": 0,
          "schema_version": 0,
          "attributes": {
            "arn": "arn:aws:autoscaling:us-east-1:635183989824:scalingPolicy:a4fa242e-d0b7-43aa-926f-adbfe26df6e0:resource/dynamodb/table/http-crud-assignment-items:policyName/DynamoDBReadCapacityUtilization:table/http-crud-assignment-items",
            "id": "DynamoDBReadCapacityUtilization:table/http-crud-assignment-items",
            "name": "DynamoDBReadCapacityUtilization:table/http-crud-assignment-items",
            "policy_type": "TargetTrackingScaling",
            "resource_id": "table/http-crud-assignment-items",
            "scalable_dimension": "dynamodb:table:ReadCapacityUnits",
            "service_namespace": "dynamodb",
            "step_scaling_policy_configuration": [],
            "target_tracking_scaling_policy_configuration": [
              {
                "customized_metric_specification": [],
                "disable_scale_in": false,
                "predefined_metric_specification": [
                  {
                    "predefined_metric_type": "DynamoDBReadCapacityUtilization",
                    "resource_label": ""
                  }
                ],
                "scale_in_cooldown": 50,
                "scale_out_cooldown": 40,
                "target_value": 45
              }
            ]
          },
          "sensitive_attributes": [],
          "private": "bnVsbA==",
          "dependencies": [
            "module.dynamodb_table.aws_appautoscaling_target.table_read",
            "module.dynamodb_table.aws_dynamodb_table.this"
          ]
        }
      ]
    },
    {
      "module": "module.dynamodb_table",
      "mode": "managed",
      "type": "aws_appautoscaling_policy",
      "name": "table_write_policy",
      "provider": "provider[\"registry.terraform.io/hashicorp/aws\"]",
      "instances": [
        {
          "index_key": 0,
          "schema_version": 0,
          "attributes": {
            "arn": "arn:aws:autoscaling:us-east-1:635183989824:scalingPolicy:8931f585-22ae-4d7d-9dd6-a24f793e3998:resource/dynamodb/table/http-crud-assignment-items:policyName/DynamoDBWriteCapacityUtilization:table/http-crud-assignment-items",
            "id": "DynamoDBWriteCapacityUtilization:table/http-crud-assignment-items",
            "name": "DynamoDBWriteCapacityUtilization:table/http-crud-assignment-items",
            "policy_type": "TargetTrackingScaling",
            "resource_id": "table/http-crud-assignment-items",
            "scalable_dimension": "dynamodb:table:WriteCapacityUnits",
            "service_namespace": "dynamodb",
            "step_scaling_policy_configuration": [],
            "target_tracking_scaling_policy_configuration": [
              {
                "customized_metric_specification": [],
                "disable_scale_in": false,
                "predefined_metric_specification": [
                  {
                    "predefined_metric_type": "DynamoDBWriteCapacityUtilization",
                    "resource_label": ""
                  }
                ],
                "scale_in_cooldown": 50,
                "scale_out_cooldown": 40,
                "target_value": 45
              }
            ]
          },
          "sensitive_attributes": [],
          "private": "bnVsbA==",
          "dependencies": [
            "module.dynamodb_table.aws_appautoscaling_target.table_write",
            "module.dynamodb_table.aws_dynamodb_table.this"
          ]
        }
      ]
    },
    {
      "module": "module.dynamodb_table",
      "mode": "managed",
      "type": "aws_appautoscaling_target",
      "name": "table_read",
      "provider": "provider[\"registry.terraform.io/hashicorp/aws\"]",
      "instances": [
        {
          "index_key": 0,
          "schema_version": 0,
          "attributes": {
            "id": "table/http-crud-assignment-items",
            "max_capacity": 10,
            "min_capacity": 1,
            "resource_id": "table/http-crud-assignment-items",
            "role_arn": "arn:aws:iam::635183989824:role/aws-service-role/dynamodb.application-autoscaling.amazonaws.com/AWSServiceRoleForApplicationAutoScaling_DynamoDBTable",
            "scalable_dimension": "dynamodb:table:ReadCapacityUnits",
            "service_namespace": "dynamodb"
          },
          "sensitive_attributes": [],
          "private": "bnVsbA==",
          "dependencies": [
            "module.dynamodb_table.aws_dynamodb_table.this"
          ]
        }
      ]
    },
    {
      "module": "module.dynamodb_table",
      "mode": "managed",
      "type": "aws_appautoscaling_target",
      "name": "table_write",
      "provider": "provider[\"registry.terraform.io/hashicorp/aws\"]",
      "instances": [
        {
          "index_key": 0,
          "schema_version": 0,
          "attributes": {
            "id": "table/http-crud-assignment-items",
            "max_capacity": 10,
            "min_capacity": 1,
            "resource_id": "table/http-crud-assignment-items",
            "role_arn": "arn:aws:iam::635183989824:role/aws-service-role/dynamodb.application-autoscaling.amazonaws.com/AWSServiceRoleForApplicationAutoScaling_DynamoDBTable",
            "scalable_dimension": "dynamodb:table:WriteCapacityUnits",
            "service_namespace": "dynamodb"
          },
          "sensitive_attributes": [],
          "private": "bnVsbA==",
          "dependencies": [
            "module.dynamodb_table.aws_dynamodb_table.this"
          ]
        }
      ]
    },
    {
      "module": "module.dynamodb_table",
      "mode": "managed",
      "type": "aws_dynamodb_table",
      "name": "this",
      "provider": "provider[\"registry.terraform.io/hashicorp/aws\"]",
      "instances": [
        {
          "index_key": 0,
          "schema_version": 1,
          "attributes": {
            "arn": "arn:aws:dynamodb:us-east-1:635183989824:table/http-crud-assignment-items",
            "attribute": [
              {
                "name": "id",
                "type": "S"
              }
            ],
            "billing_mode": "PROVISIONED",
            "global_secondary_index": [],
            "hash_key": "id",
            "id": "http-crud-assignment-items",
            "local_secondary_index": [],
            "name": "http-crud-assignment-items",
            "point_in_time_recovery": [
              {
                "enabled": false
              }
            ],
            "range_key": null,
            "read_capacity": 1,
            "replica": [],
            "server_side_encryption": [],
            "stream_arn": "",
            "stream_enabled": false,
            "stream_label": "",
            "stream_view_type": "",
            "tags": {
              "Environment": "test",
              "Name": "http-crud-assignment-items",
              "Project": "sre",
              "Terraform": "true"
            },
            "tags_all": {
              "Environment": "test",
              "Name": "http-crud-assignment-items",
              "Project": "sre",
              "Terraform": "true"
            },
            "timeouts": {
              "create": "10m",
              "delete": "10m",
              "update": "60m"
            },
            "ttl": [
              {
                "attribute_name": "",
                "enabled": false,
                "kms_key_arn": ""
              }
            ],
            "write_capacity": 1
          },
          "sensitive_attributes": [],
          "private": "eyJlMmJmYjczMC1lY2FhLTExZTYtOGY4OC0zNDM2M2JjN2M0YzAiOnsiY3JlYXRlIjo2MDAwMDAwMDAwMDAsImRlbGV0ZSI6NjAwMDAwMDAwMDAwLCJ1cGRhdGUiOjM2MDAwMDAwMDAwMDB9LCJzY2hlbWFfdmVyc2lvbiI6IjEifQ=="
        }
      ]
    },
    {
      "module": "module.elb_http.module.elb",
      "mode": "managed",
      "type": "aws_elb",
      "name": "this",
      "provider": "provider[\"registry.terraform.io/hashicorp/aws\"]",
      "instances": [
        {
          "index_key": 0,
          "schema_version": 0,
          "attributes": {
            "access_logs": [],
            "arn": "arn:aws:elasticloadbalancing:us-east-1:635183989824:loadbalancer/Wordpress-elb",
            "availability_zones": [
              "us-east-1a",
              "us-east-1b",
              "us-east-1c",
              "us-east-1d",
              "us-east-1e",
              "us-east-1f"
            ],
            "connection_draining": false,
            "connection_draining_timeout": 300,
            "cross_zone_load_balancing": true,
            "desync_mitigation_mode": "defensive",
            "dns_name": "Wordpress-elb-2051543684.us-east-1.elb.amazonaws.com",
            "health_check": [
              {
                "healthy_threshold": 2,
                "interval": 300,
                "target": "HTTP:80/",
                "timeout": 60,
                "unhealthy_threshold": 5
              }
            ],
            "id": "Wordpress-elb",
            "idle_timeout": 60,
            "instances": [],
            "internal": false,
            "listener": [
              {
                "instance_port": 80,
                "instance_protocol": "HTTP",
                "lb_port": 80,
                "lb_protocol": "HTTP",
                "ssl_certificate_id": ""
              },
              {
                "instance_port": 80,
                "instance_protocol": "http",
                "lb_port": 443,
                "lb_protocol": "https",
                "ssl_certificate_id": "arn:aws:acm:us-east-1:635183989824:certificate/c53782cf-d403-42b2-b7c9-ea6191b2e86a"
              }
            ],
            "name": "Wordpress-elb",
            "name_prefix": null,
            "security_groups": [
              "sg-045380cb263f121ea"
            ],
            "source_security_group": "635183989824/user-service-sg-20211203125946081000000001",
            "source_security_group_id": "sg-045380cb263f121ea",
            "subnets": [
              "subnet-05f2a9bcbcd95ff8d",
              "subnet-0a23d86e4e1bf4655",
              "subnet-0a8ff5514c3f4395e",
              "subnet-0b8a01cdf2106341e",
              "subnet-0d7e01415b99c25d8",
              "subnet-0ed016adef6be40fd"
            ],
            "tags": {
              "Name": "Wordpress-elb"
            },
            "tags_all": {
              "Name": "Wordpress-elb"
            },
            "zone_id": "Z35SXDOTRQ7X7K"
          },
          "sensitive_attributes": [],
          "private": "bnVsbA==",
          "dependencies": [
            "aws_acm_certificate.cert",
            "data.aws_subnet_ids.public",
            "data.aws_vpc.private-public",
            "module.instance_sg.aws_security_group.this",
            "module.instance_sg.aws_security_group.this_name_prefix"
          ]
        }
      ]
    },
    {
      "module": "module.instance_sg",
      "mode": "managed",
      "type": "aws_security_group",
      "name": "this_name_prefix",
      "provider": "provider[\"registry.terraform.io/hashicorp/aws\"]",
      "instances": [
        {
          "index_key": 0,
          "schema_version": 1,
          "attributes": {
            "arn": "arn:aws:ec2:us-east-1:635183989824:security-group/sg-045380cb263f121ea",
            "description": "Security group for user-service with custom ports open within VPC, and PostgreSQL publicly open",
            "egress": [],
            "id": "sg-045380cb263f121ea",
            "ingress": [],
            "name": "user-service-sg-20211203125946081000000001",
            "name_prefix": "user-service-sg-",
            "owner_id": "635183989824",
            "revoke_rules_on_delete": false,
            "tags": {
              "Name": "user-service-sg"
            },
            "tags_all": {
              "Name": "user-service-sg"
            },
            "timeouts": {
              "create": "10m",
              "delete": "15m"
            },
            "vpc_id": "vpc-030c2b9596fa82be7"
          },
          "sensitive_attributes": [],
          "private": "eyJlMmJmYjczMC1lY2FhLTExZTYtOGY4OC0zNDM2M2JjN2M0YzAiOnsiY3JlYXRlIjo2MDAwMDAwMDAwMDAsImRlbGV0ZSI6OTAwMDAwMDAwMDAwfSwic2NoZW1hX3ZlcnNpb24iOiIxIn0=",
          "dependencies": [
            "data.aws_vpc.private-public"
          ],
          "create_before_destroy": true
        }
      ]
    },
    {
      "module": "module.instance_sg",
      "mode": "managed",
      "type": "aws_security_group_rule",
      "name": "egress_with_cidr_blocks",
      "provider": "provider[\"registry.terraform.io/hashicorp/aws\"]",
      "instances": [
        {
          "index_key": 0,
          "schema_version": 2,
          "attributes": {
            "cidr_blocks": [
              "0.0.0.0/0"
            ],
            "description": "Egress Rule",
            "from_port": -1,
            "id": "sgrule-810956392",
            "ipv6_cidr_blocks": null,
            "prefix_list_ids": [],
            "protocol": "-1",
            "security_group_id": "sg-045380cb263f121ea",
            "self": false,
            "source_security_group_id": null,
            "to_port": -1,
            "type": "egress"
          },
          "sensitive_attributes": [],
          "private": "eyJzY2hlbWFfdmVyc2lvbiI6IjIifQ==",
          "dependencies": [
            "data.aws_vpc.private-public",
            "module.instance_sg.aws_security_group.this",
            "module.instance_sg.aws_security_group.this_name_prefix"
          ],
          "create_before_destroy": true
        }
      ]
    },
    {
      "module": "module.instance_sg",
      "mode": "managed",
      "type": "aws_security_group_rule",
      "name": "ingress_with_cidr_blocks",
      "provider": "provider[\"registry.terraform.io/hashicorp/aws\"]",
      "instances": [
        {
          "index_key": 0,
          "schema_version": 2,
          "attributes": {
            "cidr_blocks": [
              "0.0.0.0/0"
            ],
            "description": "Ingress Rule",
            "from_port": 80,
            "id": "sgrule-1216887857",
            "ipv6_cidr_blocks": null,
            "prefix_list_ids": [],
            "protocol": "tcp",
            "security_group_id": "sg-045380cb263f121ea",
            "self": false,
            "source_security_group_id": null,
            "to_port": 80,
            "type": "ingress"
          },
          "sensitive_attributes": [],
          "private": "eyJzY2hlbWFfdmVyc2lvbiI6IjIifQ==",
          "dependencies": [
            "data.aws_vpc.private-public",
            "module.instance_sg.aws_security_group.this",
            "module.instance_sg.aws_security_group.this_name_prefix"
          ],
          "create_before_destroy": true
        },
        {
          "index_key": 1,
          "schema_version": 2,
          "attributes": {
            "cidr_blocks": [
              "0.0.0.0/0"
            ],
            "description": "Ingress Rule",
            "from_port": 22,
            "id": "sgrule-4261568900",
            "ipv6_cidr_blocks": null,
            "prefix_list_ids": [],
            "protocol": "tcp",
            "security_group_id": "sg-045380cb263f121ea",
            "self": false,
            "source_security_group_id": null,
            "to_port": 22,
            "type": "ingress"
          },
          "sensitive_attributes": [],
          "private": "eyJzY2hlbWFfdmVyc2lvbiI6IjIifQ==",
          "dependencies": [
            "data.aws_vpc.private-public",
            "module.instance_sg.aws_security_group.this",
            "module.instance_sg.aws_security_group.this_name_prefix"
          ],
          "create_before_destroy": true
        },
        {
          "index_key": 2,
          "schema_version": 2,
          "attributes": {
            "cidr_blocks": [
              "0.0.0.0/0"
            ],
            "description": "Ingress Rule",
            "from_port": 443,
            "id": "sgrule-1326534991",
            "ipv6_cidr_blocks": null,
            "prefix_list_ids": [],
            "protocol": "tcp",
            "security_group_id": "sg-045380cb263f121ea",
            "self": false,
            "source_security_group_id": null,
            "to_port": 443,
            "type": "ingress"
          },
          "sensitive_attributes": [],
          "private": "eyJzY2hlbWFfdmVyc2lvbiI6IjIifQ==",
          "dependencies": [
            "data.aws_vpc.private-public",
            "module.instance_sg.aws_security_group.this",
            "module.instance_sg.aws_security_group.this_name_prefix"
          ],
          "create_before_destroy": true
        }
      ]
    },
    {
      "module": "module.instance_sg_rds",
      "mode": "managed",
      "type": "aws_security_group",
      "name": "this_name_prefix",
      "provider": "provider[\"registry.terraform.io/hashicorp/aws\"]",
      "instances": [
        {
          "index_key": 0,
          "schema_version": 1,
          "attributes": {
            "arn": "arn:aws:ec2:us-east-1:635183989824:security-group/sg-01a02aa3e6f4d4766",
            "description": "Security group for user-service with custom ports open within VPC, and PostgreSQL publicly open",
            "egress": [],
            "id": "sg-01a02aa3e6f4d4766",
            "ingress": [],
            "name": "rds-service-sg-20211203130007348200000002",
            "name_prefix": "rds-service-sg-",
            "owner_id": "635183989824",
            "revoke_rules_on_delete": false,
            "tags": {
              "Name": "rds-service-sg"
            },
            "tags_all": {
              "Name": "rds-service-sg"
            },
            "timeouts": {
              "create": "10m",
              "delete": "15m"
            },
            "vpc_id": "vpc-030c2b9596fa82be7"
          },
          "sensitive_attributes": [],
          "private": "eyJlMmJmYjczMC1lY2FhLTExZTYtOGY4OC0zNDM2M2JjN2M0YzAiOnsiY3JlYXRlIjo2MDAwMDAwMDAwMDAsImRlbGV0ZSI6OTAwMDAwMDAwMDAwfSwic2NoZW1hX3ZlcnNpb24iOiIxIn0=",
          "dependencies": [
            "data.aws_vpc.private-public",
            "module.instance_sg.aws_security_group.this",
            "module.instance_sg.aws_security_group.this_name_prefix",
            "module.instance_sg.aws_security_group_rule.computed_egress_rules",
            "module.instance_sg.aws_security_group_rule.computed_egress_with_cidr_blocks",
            "module.instance_sg.aws_security_group_rule.computed_egress_with_ipv6_cidr_blocks",
            "module.instance_sg.aws_security_group_rule.computed_egress_with_self",
            "module.instance_sg.aws_security_group_rule.computed_egress_with_source_security_group_id",
            "module.instance_sg.aws_security_group_rule.computed_ingress_rules",
            "module.instance_sg.aws_security_group_rule.computed_ingress_with_cidr_blocks",
            "module.instance_sg.aws_security_group_rule.computed_ingress_with_ipv6_cidr_blocks",
            "module.instance_sg.aws_security_group_rule.computed_ingress_with_self",
            "module.instance_sg.aws_security_group_rule.computed_ingress_with_source_security_group_id",
            "module.instance_sg.aws_security_group_rule.egress_rules",
            "module.instance_sg.aws_security_group_rule.egress_with_cidr_blocks",
            "module.instance_sg.aws_security_group_rule.egress_with_ipv6_cidr_blocks",
            "module.instance_sg.aws_security_group_rule.egress_with_self",
            "module.instance_sg.aws_security_group_rule.egress_with_source_security_group_id",
            "module.instance_sg.aws_security_group_rule.ingress_rules",
            "module.instance_sg.aws_security_group_rule.ingress_with_cidr_blocks",
            "module.instance_sg.aws_security_group_rule.ingress_with_ipv6_cidr_blocks",
            "module.instance_sg.aws_security_group_rule.ingress_with_self",
            "module.instance_sg.aws_security_group_rule.ingress_with_source_security_group_id"
          ],
          "create_before_destroy": true
        }
      ]
    },
    {
      "module": "module.instance_sg_rds",
      "mode": "managed",
      "type": "aws_security_group_rule",
      "name": "computed_ingress_with_source_security_group_id",
      "provider": "provider[\"registry.terraform.io/hashicorp/aws\"]",
      "instances": [
        {
          "index_key": 0,
          "schema_version": 2,
          "attributes": {
            "cidr_blocks": null,
            "description": "Ingress Rule",
            "from_port": 3306,
            "id": "sgrule-2993711158",
            "ipv6_cidr_blocks": null,
            "prefix_list_ids": [],
            "protocol": "tcp",
            "security_group_id": "sg-01a02aa3e6f4d4766",
            "self": false,
            "source_security_group_id": "sg-045380cb263f121ea",
            "to_port": 3306,
            "type": "ingress"
          },
          "sensitive_attributes": [],
          "private": "eyJzY2hlbWFfdmVyc2lvbiI6IjIifQ==",
          "dependencies": [
            "data.aws_vpc.private-public",
            "module.instance_sg.aws_security_group.this",
            "module.instance_sg.aws_security_group.this_name_prefix",
            "module.instance_sg.aws_security_group_rule.computed_egress_rules",
            "module.instance_sg.aws_security_group_rule.computed_egress_with_cidr_blocks",
            "module.instance_sg.aws_security_group_rule.computed_egress_with_ipv6_cidr_blocks",
            "module.instance_sg.aws_security_group_rule.computed_egress_with_self",
            "module.instance_sg.aws_security_group_rule.computed_egress_with_source_security_group_id",
            "module.instance_sg.aws_security_group_rule.computed_ingress_rules",
            "module.instance_sg.aws_security_group_rule.computed_ingress_with_cidr_blocks",
            "module.instance_sg.aws_security_group_rule.computed_ingress_with_ipv6_cidr_blocks",
            "module.instance_sg.aws_security_group_rule.computed_ingress_with_self",
            "module.instance_sg.aws_security_group_rule.computed_ingress_with_source_security_group_id",
            "module.instance_sg.aws_security_group_rule.egress_rules",
            "module.instance_sg.aws_security_group_rule.egress_with_cidr_blocks",
            "module.instance_sg.aws_security_group_rule.egress_with_ipv6_cidr_blocks",
            "module.instance_sg.aws_security_group_rule.egress_with_self",
            "module.instance_sg.aws_security_group_rule.egress_with_source_security_group_id",
            "module.instance_sg.aws_security_group_rule.ingress_rules",
            "module.instance_sg.aws_security_group_rule.ingress_with_cidr_blocks",
            "module.instance_sg.aws_security_group_rule.ingress_with_ipv6_cidr_blocks",
            "module.instance_sg.aws_security_group_rule.ingress_with_self",
            "module.instance_sg.aws_security_group_rule.ingress_with_source_security_group_id",
            "module.instance_sg_rds.aws_security_group.this",
            "module.instance_sg_rds.aws_security_group.this_name_prefix"
          ]
        }
      ]
    },
    {
      "module": "module.instance_sg_rds",
      "mode": "managed",
      "type": "aws_security_group_rule",
      "name": "egress_with_cidr_blocks",
      "provider": "provider[\"registry.terraform.io/hashicorp/aws\"]",
      "instances": [
        {
          "index_key": 0,
          "schema_version": 2,
          "attributes": {
            "cidr_blocks": [
              "0.0.0.0/0"
            ],
            "description": "Egress Rule",
            "from_port": -1,
            "id": "sgrule-1633424195",
            "ipv6_cidr_blocks": null,
            "prefix_list_ids": [],
            "protocol": "-1",
            "security_group_id": "sg-01a02aa3e6f4d4766",
            "self": false,
            "source_security_group_id": null,
            "to_port": -1,
            "type": "egress"
          },
          "sensitive_attributes": [],
          "private": "eyJzY2hlbWFfdmVyc2lvbiI6IjIifQ==",
          "dependencies": [
            "data.aws_vpc.private-public",
            "module.instance_sg.aws_security_group.this",
            "module.instance_sg.aws_security_group.this_name_prefix",
            "module.instance_sg.aws_security_group_rule.computed_egress_rules",
            "module.instance_sg.aws_security_group_rule.computed_egress_with_cidr_blocks",
            "module.instance_sg.aws_security_group_rule.computed_egress_with_ipv6_cidr_blocks",
            "module.instance_sg.aws_security_group_rule.computed_egress_with_self",
            "module.instance_sg.aws_security_group_rule.computed_egress_with_source_security_group_id",
            "module.instance_sg.aws_security_group_rule.computed_ingress_rules",
            "module.instance_sg.aws_security_group_rule.computed_ingress_with_cidr_blocks",
            "module.instance_sg.aws_security_group_rule.computed_ingress_with_ipv6_cidr_blocks",
            "module.instance_sg.aws_security_group_rule.computed_ingress_with_self",
            "module.instance_sg.aws_security_group_rule.computed_ingress_with_source_security_group_id",
            "module.instance_sg.aws_security_group_rule.egress_rules",
            "module.instance_sg.aws_security_group_rule.egress_with_cidr_blocks",
            "module.instance_sg.aws_security_group_rule.egress_with_ipv6_cidr_blocks",
            "module.instance_sg.aws_security_group_rule.egress_with_self",
            "module.instance_sg.aws_security_group_rule.egress_with_source_security_group_id",
            "module.instance_sg.aws_security_group_rule.ingress_rules",
            "module.instance_sg.aws_security_group_rule.ingress_with_cidr_blocks",
            "module.instance_sg.aws_security_group_rule.ingress_with_ipv6_cidr_blocks",
            "module.instance_sg.aws_security_group_rule.ingress_with_self",
            "module.instance_sg.aws_security_group_rule.ingress_with_source_security_group_id",
            "module.instance_sg_rds.aws_security_group.this",
            "module.instance_sg_rds.aws_security_group.this_name_prefix"
          ]
        }
      ]
    },
    {
      "module": "module.vpc-public-private",
      "mode": "data",
      "type": "aws_availability_zones",
      "name": "this",
      "provider": "provider[\"registry.terraform.io/hashicorp/aws\"]",
      "instances": [
        {
          "schema_version": 0,
          "attributes": {
            "all_availability_zones": null,
            "exclude_names": null,
            "exclude_zone_ids": null,
            "filter": null,
            "group_names": [
              "us-east-1"
            ],
            "id": "us-east-1",
            "names": [
              "us-east-1a",
              "us-east-1b",
              "us-east-1c",
              "us-east-1d",
              "us-east-1e",
              "us-east-1f"
            ],
            "state": "available",
            "zone_ids": [
              "use1-az2",
              "use1-az4",
              "use1-az6",
              "use1-az1",
              "use1-az3",
              "use1-az5"
            ]
          },
          "sensitive_attributes": []
        }
      ]
    },
    {
      "module": "module.vpc-public-private",
      "mode": "data",
      "type": "aws_iam_policy_document",
      "name": "role",
      "provider": "provider[\"registry.terraform.io/hashicorp/aws\"]",
      "instances": [
        {
          "schema_version": 0,
          "attributes": {
            "id": "3760307347",
            "json": "{\n  \"Version\": \"2012-10-17\",\n  \"Statement\": [\n    {\n      \"Sid\": \"\",\n      \"Effect\": \"Allow\",\n      \"Action\": \"sts:AssumeRole\",\n      \"Principal\": {\n        \"Service\": \"vpc-flow-logs.amazonaws.com\"\n      }\n    }\n  ]\n}",
            "override_json": null,
            "override_policy_documents": null,
            "policy_id": null,
            "source_json": null,
            "source_policy_documents": null,
            "statement": [
              {
                "actions": [
                  "sts:AssumeRole"
                ],
                "condition": [],
                "effect": "Allow",
                "not_actions": [],
                "not_principals": [],
                "not_resources": [],
                "principals": [
                  {
                    "identifiers": [
                      "vpc-flow-logs.amazonaws.com"
                    ],
                    "type": "Service"
                  }
                ],
                "resources": [],
                "sid": ""
              }
            ],
            "version": "2012-10-17"
          },
          "sensitive_attributes": []
        }
      ]
    },
    {
      "module": "module.vpc-public-private",
      "mode": "data",
      "type": "aws_iam_policy_document",
      "name": "role_policy_cloudwatch",
      "provider": "provider[\"registry.terraform.io/hashicorp/aws\"]",
      "instances": [
        {
          "schema_version": 0,
          "attributes": {
            "id": "3442509011",
            "json": "{\n  \"Version\": \"2012-10-17\",\n  \"Statement\": [\n    {\n      \"Sid\": \"\",\n      \"Effect\": \"Allow\",\n      \"Action\": [\n        \"logs:PutLogEvents\",\n        \"logs:DescribeLogStreams\",\n        \"logs:DescribeLogGroups\",\n        \"logs:CreateLogStream\",\n        \"logs:CreateLogGroup\"\n      ],\n      \"Resource\": \"*\"\n    }\n  ]\n}",
            "override_json": null,
            "override_policy_documents": null,
            "policy_id": null,
            "source_json": null,
            "source_policy_documents": null,
            "statement": [
              {
                "actions": [
                  "logs:CreateLogGroup",
                  "logs:CreateLogStream",
                  "logs:DescribeLogGroups",
                  "logs:DescribeLogStreams",
                  "logs:PutLogEvents"
                ],
                "condition": [],
                "effect": "Allow",
                "not_actions": [],
                "not_principals": [],
                "not_resources": [],
                "principals": [],
                "resources": [
                  "*"
                ],
                "sid": ""
              }
            ],
            "version": "2012-10-17"
          },
          "sensitive_attributes": []
        }
      ]
    },
    {
      "module": "module.vpc-public-private",
      "mode": "data",
      "type": "aws_subnet",
      "name": "default",
      "provider": "provider[\"registry.terraform.io/hashicorp/aws\"]",
      "instances": [
        {
          "index_key": 0,
          "schema_version": 0,
          "attributes": {
            "arn": "arn:aws:ec2:us-east-1:635183989824:subnet/subnet-016203169e67247cc",
            "assign_ipv6_address_on_creation": false,
            "availability_zone": "us-east-1d",
            "availability_zone_id": "use1-az1",
            "available_ip_address_count": 4091,
            "cidr_block": "172.31.0.0/20",
            "customer_owned_ipv4_pool": "",
            "default_for_az": true,
            "filter": null,
            "id": "subnet-016203169e67247cc",
            "ipv6_cidr_block": null,
            "ipv6_cidr_block_association_id": null,
            "map_customer_owned_ip_on_launch": false,
            "map_public_ip_on_launch": true,
            "outpost_arn": "",
            "owner_id": "635183989824",
            "state": "available",
            "tags": {},
            "vpc_id": "vpc-035ccf55b33a8ce62"
          },
          "sensitive_attributes": []
        },
        {
          "index_key": 1,
          "schema_version": 0,
          "attributes": {
            "arn": "arn:aws:ec2:us-east-1:635183989824:subnet/subnet-02791ec12ddfa8bac",
            "assign_ipv6_address_on_creation": false,
            "availability_zone": "us-east-1c",
            "availability_zone_id": "use1-az6",
            "available_ip_address_count": 4091,
            "cidr_block": "172.31.32.0/20",
            "customer_owned_ipv4_pool": "",
            "default_for_az": true,
            "filter": null,
            "id": "subnet-02791ec12ddfa8bac",
            "ipv6_cidr_block": null,
            "ipv6_cidr_block_association_id": null,
            "map_customer_owned_ip_on_launch": false,
            "map_public_ip_on_launch": true,
            "outpost_arn": "",
            "owner_id": "635183989824",
            "state": "available",
            "tags": {},
            "vpc_id": "vpc-035ccf55b33a8ce62"
          },
          "sensitive_attributes": []
        },
        {
          "index_key": 2,
          "schema_version": 0,
          "attributes": {
            "arn": "arn:aws:ec2:us-east-1:635183989824:subnet/subnet-080b7225400a69dd4",
            "assign_ipv6_address_on_creation": false,
            "availability_zone": "us-east-1b",
            "availability_zone_id": "use1-az4",
            "available_ip_address_count": 4091,
            "cidr_block": "172.31.16.0/20",
            "customer_owned_ipv4_pool": "",
            "default_for_az": true,
            "filter": null,
            "id": "subnet-080b7225400a69dd4",
            "ipv6_cidr_block": null,
            "ipv6_cidr_block_association_id": null,
            "map_customer_owned_ip_on_launch": false,
            "map_public_ip_on_launch": true,
            "outpost_arn": "",
            "owner_id": "635183989824",
            "state": "available",
            "tags": {},
            "vpc_id": "vpc-035ccf55b33a8ce62"
          },
          "sensitive_attributes": []
        },
        {
          "index_key": 3,
          "schema_version": 0,
          "attributes": {
            "arn": "arn:aws:ec2:us-east-1:635183989824:subnet/subnet-083efc1ef596ce8bb",
            "assign_ipv6_address_on_creation": false,
            "availability_zone": "us-east-1f",
            "availability_zone_id": "use1-az5",
            "available_ip_address_count": 4091,
            "cidr_block": "172.31.64.0/20",
            "customer_owned_ipv4_pool": "",
            "default_for_az": true,
            "filter": null,
            "id": "subnet-083efc1ef596ce8bb",
            "ipv6_cidr_block": null,
            "ipv6_cidr_block_association_id": null,
            "map_customer_owned_ip_on_launch": false,
            "map_public_ip_on_launch": true,
            "outpost_arn": "",
            "owner_id": "635183989824",
            "state": "available",
            "tags": {},
            "vpc_id": "vpc-035ccf55b33a8ce62"
          },
          "sensitive_attributes": []
        },
        {
          "index_key": 4,
          "schema_version": 0,
          "attributes": {
            "arn": "arn:aws:ec2:us-east-1:635183989824:subnet/subnet-0a20b6fe25ba278fb",
            "assign_ipv6_address_on_creation": false,
            "availability_zone": "us-east-1e",
            "availability_zone_id": "use1-az3",
            "available_ip_address_count": 4091,
            "cidr_block": "172.31.48.0/20",
            "customer_owned_ipv4_pool": "",
            "default_for_az": true,
            "filter": null,
            "id": "subnet-0a20b6fe25ba278fb",
            "ipv6_cidr_block": null,
            "ipv6_cidr_block_association_id": null,
            "map_customer_owned_ip_on_launch": false,
            "map_public_ip_on_launch": true,
            "outpost_arn": "",
            "owner_id": "635183989824",
            "state": "available",
            "tags": {},
            "vpc_id": "vpc-035ccf55b33a8ce62"
          },
          "sensitive_attributes": []
        },
        {
          "index_key": 5,
          "schema_version": 0,
          "attributes": {
            "arn": "arn:aws:ec2:us-east-1:635183989824:subnet/subnet-0ce96db436189843c",
            "assign_ipv6_address_on_creation": false,
            "availability_zone": "us-east-1a",
            "availability_zone_id": "use1-az2",
            "available_ip_address_count": 4091,
            "cidr_block": "172.31.80.0/20",
            "customer_owned_ipv4_pool": "",
            "default_for_az": true,
            "filter": null,
            "id": "subnet-0ce96db436189843c",
            "ipv6_cidr_block": null,
            "ipv6_cidr_block_association_id": null,
            "map_customer_owned_ip_on_launch": false,
            "map_public_ip_on_launch": true,
            "outpost_arn": "",
            "owner_id": "635183989824",
            "state": "available",
            "tags": {},
            "vpc_id": "vpc-035ccf55b33a8ce62"
          },
          "sensitive_attributes": []
        }
      ]
    },
    {
      "module": "module.vpc-public-private",
      "mode": "data",
      "type": "aws_subnet_ids",
      "name": "default",
      "provider": "provider[\"registry.terraform.io/hashicorp/aws\"]",
      "instances": [
        {
          "schema_version": 0,
          "attributes": {
            "filter": null,
            "id": "vpc-035ccf55b33a8ce62",
            "ids": [
              "subnet-016203169e67247cc",
              "subnet-02791ec12ddfa8bac",
              "subnet-080b7225400a69dd4",
              "subnet-083efc1ef596ce8bb",
              "subnet-0a20b6fe25ba278fb",
              "subnet-0ce96db436189843c"
            ],
            "tags": null,
            "vpc_id": "vpc-035ccf55b33a8ce62"
          },
          "sensitive_attributes": []
        }
      ]
    },
    {
      "module": "module.vpc-public-private",
      "mode": "data",
      "type": "aws_vpc",
      "name": "default",
      "provider": "provider[\"registry.terraform.io/hashicorp/aws\"]",
      "instances": [
        {
          "schema_version": 0,
          "attributes": {
            "arn": "arn:aws:ec2:us-east-1:635183989824:vpc/vpc-035ccf55b33a8ce62",
            "cidr_block": "172.31.0.0/16",
            "cidr_block_associations": [
              {
                "association_id": "vpc-cidr-assoc-0c7b7c26944a44982",
                "cidr_block": "172.31.0.0/16",
                "state": "associated"
              }
            ],
            "default": true,
            "dhcp_options_id": "dopt-0faee6b4d1154be72",
            "enable_dns_hostnames": true,
            "enable_dns_support": true,
            "filter": null,
            "id": "vpc-035ccf55b33a8ce62",
            "instance_tenancy": "default",
            "ipv6_association_id": null,
            "ipv6_cidr_block": null,
            "main_route_table_id": "rtb-0b9b532bfbdeb92db",
            "owner_id": "635183989824",
            "state": "available",
            "tags": {}
          },
          "sensitive_attributes": []
        }
      ]
    },
    {
      "module": "module.vpc-public-private",
      "mode": "managed",
      "type": "aws_cloudwatch_log_group",
      "name": "this",
      "provider": "provider[\"registry.terraform.io/hashicorp/aws\"]",
      "instances": [
        {
          "index_key": 0,
          "schema_version": 0,
          "attributes": {
            "arn": "arn:aws:logs:us-east-1:635183989824:log-group:sre-vpc-public-private-flow-log-5d",
            "id": "sre-vpc-public-private-flow-log-5d",
            "kms_key_id": "",
            "name": "sre-vpc-public-private-flow-log-5d",
            "name_prefix": null,
            "retention_in_days": 14,
            "tags": {
              "Module": "terraform-aws-vpc-public-private",
              "Name": "sre-vpc-public-private",
              "Workspace": "default"
            },
            "tags_all": {
              "Module": "terraform-aws-vpc-public-private",
              "Name": "sre-vpc-public-private",
              "Workspace": "default"
            }
          },
          "sensitive_attributes": [],
          "private": "bnVsbA==",
          "dependencies": [
            "module.vpc-public-private.random_id.this"
          ],
          "create_before_destroy": true
        }
      ]
    },
    {
      "module": "module.vpc-public-private",
      "mode": "managed",
      "type": "aws_eip",
      "name": "nat",
      "provider": "provider[\"registry.terraform.io/hashicorp/aws\"]",
      "instances": [
        {
          "index_key": 0,
          "schema_version": 0,
          "attributes": {
            "address": null,
            "allocation_id": "eipalloc-0e9c8134e84f6fb38",
            "associate_with_private_ip": null,
            "association_id": "eipassoc-076fc67973cab0619",
            "carrier_ip": "",
            "customer_owned_ip": "",
            "customer_owned_ipv4_pool": "",
            "domain": "vpc",
            "id": "eipalloc-0e9c8134e84f6fb38",
            "instance": "",
            "network_border_group": "us-east-1",
            "network_interface": "eni-08d08313ed37a5b6a",
            "private_dns": "ip-10-0-4-201.ec2.internal",
            "private_ip": "10.0.4.201",
            "public_dns": "ec2-3-213-201-71.compute-1.amazonaws.com",
            "public_ip": "3.213.201.71",
            "public_ipv4_pool": "amazon",
            "tags": {
              "Module": "terraform-aws-vpc-public-private",
              "Name": "sre-vpc-public-private",
              "Network": "NAT",
              "Workspace": "default"
            },
            "tags_all": {
              "Module": "terraform-aws-vpc-public-private",
              "Name": "sre-vpc-public-private",
              "Network": "NAT",
              "Workspace": "default"
            },
            "timeouts": null,
            "vpc": true
          },
          "sensitive_attributes": [],
          "private": "eyJlMmJmYjczMC1lY2FhLTExZTYtOGY4OC0zNDM2M2JjN2M0YzAiOnsiZGVsZXRlIjoxODAwMDAwMDAwMDAsInJlYWQiOjkwMDAwMDAwMDAwMCwidXBkYXRlIjozMDAwMDAwMDAwMDB9fQ==",
          "dependencies": [
            "module.vpc-public-private.data.aws_availability_zones.this"
          ],
          "create_before_destroy": true
        }
      ]
    },
    {
      "module": "module.vpc-public-private",
      "mode": "managed",
      "type": "aws_flow_log",
      "name": "this",
      "provider": "provider[\"registry.terraform.io/hashicorp/aws\"]",
      "instances": [
        {
          "index_key": 0,
          "schema_version": 0,
          "attributes": {
            "arn": "arn:aws:ec2:us-east-1:635183989824:vpc-flow-log/fl-0a6eb0ec224e4a0b5",
            "destination_options": [],
            "eni_id": null,
            "iam_role_arn": "arn:aws:iam::635183989824:role/sre-vpc-public-private-flow-log-5d",
            "id": "fl-0a6eb0ec224e4a0b5",
            "log_destination": "arn:aws:logs:us-east-1:635183989824:log-group:sre-vpc-public-private-flow-log-5d",
            "log_destination_type": "cloud-watch-logs",
            "log_format": "${version} ${account-id} ${interface-id} ${srcaddr} ${dstaddr} ${srcport} ${dstport} ${protocol} ${packets} ${bytes} ${start} ${end} ${action} ${log-status}",
            "log_group_name": "sre-vpc-public-private-flow-log-5d",
            "max_aggregation_interval": 600,
            "subnet_id": null,
            "tags": {},
            "tags_all": {},
            "traffic_type": "ALL",
            "vpc_id": "vpc-030c2b9596fa82be7"
          },
          "sensitive_attributes": [],
          "private": "bnVsbA==",
          "dependencies": [
            "module.vpc-public-private.aws_cloudwatch_log_group.this",
            "module.vpc-public-private.aws_iam_role.this",
            "module.vpc-public-private.aws_s3_bucket.this",
            "module.vpc-public-private.aws_vpc.this",
            "module.vpc-public-private.data.aws_iam_policy_document.role",
            "module.vpc-public-private.data.aws_vpc.default",
            "module.vpc-public-private.random_id.this"
          ],
          "create_before_destroy": true
        }
      ]
    },
    {
      "module": "module.vpc-public-private",
      "mode": "managed",
      "type": "aws_iam_role",
      "name": "this",
      "provider": "provider[\"registry.terraform.io/hashicorp/aws\"]",
      "instances": [
        {
          "index_key": 0,
          "schema_version": 0,
          "attributes": {
            "arn": "arn:aws:iam::635183989824:role/sre-vpc-public-private-flow-log-5d",
            "assume_role_policy": "{\"Version\":\"2012-10-17\",\"Statement\":[{\"Sid\":\"\",\"Effect\":\"Allow\",\"Principal\":{\"Service\":\"vpc-flow-logs.amazonaws.com\"},\"Action\":\"sts:AssumeRole\"}]}",
            "create_date": "2021-12-03T12:30:34Z",
            "description": "",
            "force_detach_policies": true,
            "id": "sre-vpc-public-private-flow-log-5d",
            "inline_policy": [
              {
                "name": "sre-vpc-public-private-flow-log-5d",
                "policy": "{\n  \"Version\": \"2012-10-17\",\n  \"Statement\": [\n    {\n      \"Sid\": \"\",\n      \"Effect\": \"Allow\",\n      \"Action\": [\n        \"logs:PutLogEvents\",\n        \"logs:DescribeLogStreams\",\n        \"logs:DescribeLogGroups\",\n        \"logs:CreateLogStream\",\n        \"logs:CreateLogGroup\"\n      ],\n      \"Resource\": \"*\"\n    }\n  ]\n}"
              }
            ],
            "managed_policy_arns": [],
            "max_session_duration": 3600,
            "name": "sre-vpc-public-private-flow-log-5d",
            "name_prefix": "",
            "path": "/",
            "permissions_boundary": null,
            "tags": {
              "Module": "terraform-aws-vpc-public-private",
              "Name": "sre-vpc-public-private",
              "Workspace": "default"
            },
            "tags_all": {
              "Module": "terraform-aws-vpc-public-private",
              "Name": "sre-vpc-public-private",
              "Workspace": "default"
            },
            "unique_id": "AROAZHY7KQRACCILJASZ4"
          },
          "sensitive_attributes": [],
          "private": "bnVsbA==",
          "dependencies": [
            "module.vpc-public-private.data.aws_iam_policy_document.role",
            "module.vpc-public-private.random_id.this"
          ],
          "create_before_destroy": true
        }
      ]
    },
    {
      "module": "module.vpc-public-private",
      "mode": "managed",
      "type": "aws_iam_role_policy",
      "name": "this",
      "provider": "provider[\"registry.terraform.io/hashicorp/aws\"]",
      "instances": [
        {
          "index_key": 0,
          "schema_version": 0,
          "attributes": {
            "id": "sre-vpc-public-private-flow-log-5d:sre-vpc-public-private-flow-log-5d",
            "name": "sre-vpc-public-private-flow-log-5d",
            "name_prefix": null,
            "policy": "{\n  \"Version\": \"2012-10-17\",\n  \"Statement\": [\n    {\n      \"Sid\": \"\",\n      \"Effect\": \"Allow\",\n      \"Action\": [\n        \"logs:PutLogEvents\",\n        \"logs:DescribeLogStreams\",\n        \"logs:DescribeLogGroups\",\n        \"logs:CreateLogStream\",\n        \"logs:CreateLogGroup\"\n      ],\n      \"Resource\": \"*\"\n    }\n  ]\n}",
            "role": "sre-vpc-public-private-flow-log-5d"
          },
          "sensitive_attributes": [],
          "private": "bnVsbA==",
          "dependencies": [
            "module.vpc-public-private.aws_iam_role.this",
            "module.vpc-public-private.data.aws_iam_policy_document.role",
            "module.vpc-public-private.data.aws_iam_policy_document.role_policy_cloudwatch",
            "module.vpc-public-private.random_id.this"
          ],
          "create_before_destroy": true
        }
      ]
    },
    {
      "module": "module.vpc-public-private",
      "mode": "managed",
      "type": "aws_internet_gateway",
      "name": "this",
      "provider": "provider[\"registry.terraform.io/hashicorp/aws\"]",
      "instances": [
        {
          "index_key": 0,
          "schema_version": 0,
          "attributes": {
            "arn": "arn:aws:ec2:us-east-1:635183989824:internet-gateway/igw-0008d6f48a80fddea",
            "id": "igw-0008d6f48a80fddea",
            "owner_id": "635183989824",
            "tags": {
              "Module": "terraform-aws-vpc-public-private",
              "Name": "sre-vpc-public-private",
              "Workspace": "default"
            },
            "tags_all": {
              "Module": "terraform-aws-vpc-public-private",
              "Name": "sre-vpc-public-private",
              "Workspace": "default"
            },
            "vpc_id": "vpc-030c2b9596fa82be7"
          },
          "sensitive_attributes": [],
          "private": "bnVsbA==",
          "dependencies": [
            "module.vpc-public-private.aws_vpc.this"
          ],
          "create_before_destroy": true
        }
      ]
    },
    {
      "module": "module.vpc-public-private",
      "mode": "managed",
      "type": "aws_nat_gateway",
      "name": "nat",
      "provider": "provider[\"registry.terraform.io/hashicorp/aws\"]",
      "instances": [
        {
          "index_key": 0,
          "schema_version": 0,
          "attributes": {
            "allocation_id": "eipalloc-0e9c8134e84f6fb38",
            "connectivity_type": "public",
            "id": "nat-002645a8536c0bf11",
            "network_interface_id": "eni-08d08313ed37a5b6a",
            "private_ip": "10.0.4.201",
            "public_ip": "3.213.201.71",
            "subnet_id": "subnet-0b8a01cdf2106341e",
            "tags": {
              "Module": "terraform-aws-vpc-public-private",
              "Name": "sre-vpc-public-private",
              "Workspace": "default"
            },
            "tags_all": {
              "Module": "terraform-aws-vpc-public-private",
              "Name": "sre-vpc-public-private",
              "Workspace": "default"
            }
          },
          "sensitive_attributes": [],
          "private": "bnVsbA==",
          "dependencies": [
            "module.vpc-public-private.aws_subnet.public",
            "module.vpc-public-private.aws_vpc.this",
            "module.vpc-public-private.data.aws_availability_zones.this",
            "module.vpc-public-private.aws_eip.nat"
          ],
          "create_before_destroy": true
        }
      ]
    },
    {
      "module": "module.vpc-public-private",
      "mode": "managed",
      "type": "aws_route",
      "name": "private",
      "provider": "provider[\"registry.terraform.io/hashicorp/aws\"]",
      "instances": [
        {
          "index_key": 0,
          "schema_version": 0,
          "attributes": {
            "carrier_gateway_id": "",
            "destination_cidr_block": "0.0.0.0/0",
            "destination_ipv6_cidr_block": "",
            "destination_prefix_list_id": "",
            "egress_only_gateway_id": "",
            "gateway_id": "",
            "id": "r-rtb-07cd944389212d0381080289494",
            "instance_id": "",
            "instance_owner_id": "",
            "local_gateway_id": "",
            "nat_gateway_id": "nat-002645a8536c0bf11",
            "network_interface_id": "",
            "origin": "CreateRoute",
            "route_table_id": "rtb-07cd944389212d038",
            "state": "active",
            "timeouts": null,
            "transit_gateway_id": "",
            "vpc_endpoint_id": "",
            "vpc_peering_connection_id": ""
          },
          "sensitive_attributes": [],
          "private": "eyJlMmJmYjczMC1lY2FhLTExZTYtOGY4OC0zNDM2M2JjN2M0YzAiOnsiY3JlYXRlIjoxMjAwMDAwMDAwMDAsImRlbGV0ZSI6MzAwMDAwMDAwMDAwLCJ1cGRhdGUiOjEyMDAwMDAwMDAwMH19",
          "dependencies": [
            "module.vpc-public-private.aws_subnet.public",
            "module.vpc-public-private.aws_vpc.this",
            "module.vpc-public-private.data.aws_availability_zones.this",
            "module.vpc-public-private.aws_eip.nat",
            "module.vpc-public-private.aws_nat_gateway.nat",
            "module.vpc-public-private.aws_route_table.private"
          ],
          "create_before_destroy": true
        }
      ]
    },
    {
      "module": "module.vpc-public-private",
      "mode": "managed",
      "type": "aws_route",
      "name": "public",
      "provider": "provider[\"registry.terraform.io/hashicorp/aws\"]",
      "instances": [
        {
          "index_key": 0,
          "schema_version": 0,
          "attributes": {
            "carrier_gateway_id": "",
            "destination_cidr_block": "0.0.0.0/0",
            "destination_ipv6_cidr_block": "",
            "destination_prefix_list_id": "",
            "egress_only_gateway_id": "",
            "gateway_id": "igw-0008d6f48a80fddea",
            "id": "r-rtb-09dc404ac58e2a0be1080289494",
            "instance_id": "",
            "instance_owner_id": "",
            "local_gateway_id": "",
            "nat_gateway_id": "",
            "network_interface_id": "",
            "origin": "CreateRoute",
            "route_table_id": "rtb-09dc404ac58e2a0be",
            "state": "active",
            "timeouts": null,
            "transit_gateway_id": "",
            "vpc_endpoint_id": "",
            "vpc_peering_connection_id": ""
          },
          "sensitive_attributes": [],
          "private": "eyJlMmJmYjczMC1lY2FhLTExZTYtOGY4OC0zNDM2M2JjN2M0YzAiOnsiY3JlYXRlIjoxMjAwMDAwMDAwMDAsImRlbGV0ZSI6MzAwMDAwMDAwMDAwLCJ1cGRhdGUiOjEyMDAwMDAwMDAwMH19",
          "dependencies": [
            "module.vpc-public-private.aws_internet_gateway.this",
            "module.vpc-public-private.aws_route_table.public",
            "module.vpc-public-private.aws_vpc.this"
          ],
          "create_before_destroy": true
        }
      ]
    },
    {
      "module": "module.vpc-public-private",
      "mode": "managed",
      "type": "aws_route_table",
      "name": "private",
      "provider": "provider[\"registry.terraform.io/hashicorp/aws\"]",
      "instances": [
        {
          "index_key": 0,
          "schema_version": 0,
          "attributes": {
            "arn": "arn:aws:ec2:us-east-1:635183989824:route-table/rtb-07cd944389212d038",
            "id": "rtb-07cd944389212d038",
            "owner_id": "635183989824",
            "propagating_vgws": [],
            "route": [
              {
                "carrier_gateway_id": "",
                "cidr_block": "0.0.0.0/0",
                "destination_prefix_list_id": "",
                "egress_only_gateway_id": "",
                "gateway_id": "",
                "instance_id": "",
                "ipv6_cidr_block": "",
                "local_gateway_id": "",
                "nat_gateway_id": "nat-002645a8536c0bf11",
                "network_interface_id": "",
                "transit_gateway_id": "",
                "vpc_endpoint_id": "",
                "vpc_peering_connection_id": ""
              }
            ],
            "tags": {
              "Module": "terraform-aws-vpc-public-private",
              "Name": "sre-private-routetable",
              "SubnetType": "private",
              "Workspace": "default"
            },
            "tags_all": {
              "Module": "terraform-aws-vpc-public-private",
              "Name": "sre-private-routetable",
              "SubnetType": "private",
              "Workspace": "default"
            },
            "timeouts": null,
            "vpc_id": "vpc-030c2b9596fa82be7"
          },
          "sensitive_attributes": [],
          "private": "eyJlMmJmYjczMC1lY2FhLTExZTYtOGY4OC0zNDM2M2JjN2M0YzAiOnsiY3JlYXRlIjoxMjAwMDAwMDAwMDAsImRlbGV0ZSI6MzAwMDAwMDAwMDAwLCJ1cGRhdGUiOjEyMDAwMDAwMDAwMH19",
          "dependencies": [
            "module.vpc-public-private.aws_vpc.this"
          ],
          "create_before_destroy": true
        }
      ]
    },
    {
      "module": "module.vpc-public-private",
      "mode": "managed",
      "type": "aws_route_table",
      "name": "public",
      "provider": "provider[\"registry.terraform.io/hashicorp/aws\"]",
      "instances": [
        {
          "index_key": 0,
          "schema_version": 0,
          "attributes": {
            "arn": "arn:aws:ec2:us-east-1:635183989824:route-table/rtb-09dc404ac58e2a0be",
            "id": "rtb-09dc404ac58e2a0be",
            "owner_id": "635183989824",
            "propagating_vgws": [],
            "route": [
              {
                "carrier_gateway_id": "",
                "cidr_block": "0.0.0.0/0",
                "destination_prefix_list_id": "",
                "egress_only_gateway_id": "",
                "gateway_id": "igw-0008d6f48a80fddea",
                "instance_id": "",
                "ipv6_cidr_block": "",
                "local_gateway_id": "",
                "nat_gateway_id": "",
                "network_interface_id": "",
                "transit_gateway_id": "",
                "vpc_endpoint_id": "",
                "vpc_peering_connection_id": ""
              }
            ],
            "tags": {
              "Module": "terraform-aws-vpc-public-private",
              "Name": "sre-public-routetable",
              "SubnetType": "public",
              "Workspace": "default"
            },
            "tags_all": {
              "Module": "terraform-aws-vpc-public-private",
              "Name": "sre-public-routetable",
              "SubnetType": "public",
              "Workspace": "default"
            },
            "timeouts": null,
            "vpc_id": "vpc-030c2b9596fa82be7"
          },
          "sensitive_attributes": [],
          "private": "eyJlMmJmYjczMC1lY2FhLTExZTYtOGY4OC0zNDM2M2JjN2M0YzAiOnsiY3JlYXRlIjoxMjAwMDAwMDAwMDAsImRlbGV0ZSI6MzAwMDAwMDAwMDAwLCJ1cGRhdGUiOjEyMDAwMDAwMDAwMH19",
          "dependencies": [
            "module.vpc-public-private.aws_vpc.this"
          ],
          "create_before_destroy": true
        }
      ]
    },
    {
      "module": "module.vpc-public-private",
      "mode": "managed",
      "type": "aws_route_table_association",
      "name": "private",
      "provider": "provider[\"registry.terraform.io/hashicorp/aws\"]",
      "instances": [
        {
          "index_key": 0,
          "schema_version": 0,
          "attributes": {
            "gateway_id": "",
            "id": "rtbassoc-0b33fd94a507d2371",
            "route_table_id": "rtb-07cd944389212d038",
            "subnet_id": "subnet-0a7efad8e2e15210d"
          },
          "sensitive_attributes": [],
          "private": "bnVsbA==",
          "dependencies": [
            "module.vpc-public-private.aws_subnet.private",
            "module.vpc-public-private.aws_vpc.this",
            "module.vpc-public-private.data.aws_availability_zones.this",
            "module.vpc-public-private.aws_route_table.private"
          ],
          "create_before_destroy": true
        },
        {
          "index_key": 1,
          "schema_version": 0,
          "attributes": {
            "gateway_id": "",
            "id": "rtbassoc-01772a520f84770f1",
            "route_table_id": "rtb-07cd944389212d038",
            "subnet_id": "subnet-075d165df7658ff3e"
          },
          "sensitive_attributes": [],
          "private": "bnVsbA==",
          "dependencies": [
            "module.vpc-public-private.aws_route_table.private",
            "module.vpc-public-private.aws_subnet.private",
            "module.vpc-public-private.aws_vpc.this",
            "module.vpc-public-private.data.aws_availability_zones.this"
          ],
          "create_before_destroy": true
        },
        {
          "index_key": 2,
          "schema_version": 0,
          "attributes": {
            "gateway_id": "",
            "id": "rtbassoc-06d8c7c9a2e4a9200",
            "route_table_id": "rtb-07cd944389212d038",
            "subnet_id": "subnet-010ecc3e28d008a29"
          },
          "sensitive_attributes": [],
          "private": "bnVsbA==",
          "dependencies": [
            "module.vpc-public-private.aws_route_table.private",
            "module.vpc-public-private.aws_subnet.private",
            "module.vpc-public-private.aws_vpc.this",
            "module.vpc-public-private.data.aws_availability_zones.this"
          ],
          "create_before_destroy": true
        },
        {
          "index_key": 3,
          "schema_version": 0,
          "attributes": {
            "gateway_id": "",
            "id": "rtbassoc-07547af4039c0262c",
            "route_table_id": "rtb-07cd944389212d038",
            "subnet_id": "subnet-06dc46b25c117aa32"
          },
          "sensitive_attributes": [],
          "private": "bnVsbA==",
          "dependencies": [
            "module.vpc-public-private.aws_route_table.private",
            "module.vpc-public-private.aws_subnet.private",
            "module.vpc-public-private.aws_vpc.this",
            "module.vpc-public-private.data.aws_availability_zones.this"
          ],
          "create_before_destroy": true
        },
        {
          "index_key": 4,
          "schema_version": 0,
          "attributes": {
            "gateway_id": "",
            "id": "rtbassoc-08bdf6fb1ccbf42d5",
            "route_table_id": "rtb-07cd944389212d038",
            "subnet_id": "subnet-0931586f161cfa578"
          },
          "sensitive_attributes": [],
          "private": "bnVsbA==",
          "dependencies": [
            "module.vpc-public-private.data.aws_availability_zones.this",
            "module.vpc-public-private.aws_route_table.private",
            "module.vpc-public-private.aws_subnet.private",
            "module.vpc-public-private.aws_vpc.this"
          ],
          "create_before_destroy": true
        },
        {
          "index_key": 5,
          "schema_version": 0,
          "attributes": {
            "gateway_id": "",
            "id": "rtbassoc-0d2f178a3b41532a6",
            "route_table_id": "rtb-07cd944389212d038",
            "subnet_id": "subnet-015197ce85fc6eb87"
          },
          "sensitive_attributes": [],
          "private": "bnVsbA==",
          "dependencies": [
            "module.vpc-public-private.aws_subnet.private",
            "module.vpc-public-private.aws_vpc.this",
            "module.vpc-public-private.data.aws_availability_zones.this",
            "module.vpc-public-private.aws_route_table.private"
          ],
          "create_before_destroy": true
        }
      ]
    },
    {
      "module": "module.vpc-public-private",
      "mode": "managed",
      "type": "aws_route_table_association",
      "name": "public",
      "provider": "provider[\"registry.terraform.io/hashicorp/aws\"]",
      "instances": [
        {
          "index_key": 0,
          "schema_version": 0,
          "attributes": {
            "gateway_id": "",
            "id": "rtbassoc-08060c8acc0104d8d",
            "route_table_id": "rtb-09dc404ac58e2a0be",
            "subnet_id": "subnet-0b8a01cdf2106341e"
          },
          "sensitive_attributes": [],
          "private": "bnVsbA==",
          "dependencies": [
            "module.vpc-public-private.data.aws_availability_zones.this",
            "module.vpc-public-private.aws_route_table.public",
            "module.vpc-public-private.aws_subnet.public",
            "module.vpc-public-private.aws_vpc.this"
          ],
          "create_before_destroy": true
        },
        {
          "index_key": 1,
          "schema_version": 0,
          "attributes": {
            "gateway_id": "",
            "id": "rtbassoc-01297d63ced3dd6ad",
            "route_table_id": "rtb-09dc404ac58e2a0be",
            "subnet_id": "subnet-0a23d86e4e1bf4655"
          },
          "sensitive_attributes": [],
          "private": "bnVsbA==",
          "dependencies": [
            "module.vpc-public-private.aws_route_table.public",
            "module.vpc-public-private.aws_subnet.public",
            "module.vpc-public-private.aws_vpc.this",
            "module.vpc-public-private.data.aws_availability_zones.this"
          ],
          "create_before_destroy": true
        },
        {
          "index_key": 2,
          "schema_version": 0,
          "attributes": {
            "gateway_id": "",
            "id": "rtbassoc-0defc907646cf5203",
            "route_table_id": "rtb-09dc404ac58e2a0be",
            "subnet_id": "subnet-0a8ff5514c3f4395e"
          },
          "sensitive_attributes": [],
          "private": "bnVsbA==",
          "dependencies": [
            "module.vpc-public-private.aws_vpc.this",
            "module.vpc-public-private.data.aws_availability_zones.this",
            "module.vpc-public-private.aws_route_table.public",
            "module.vpc-public-private.aws_subnet.public"
          ],
          "create_before_destroy": true
        },
        {
          "index_key": 3,
          "schema_version": 0,
          "attributes": {
            "gateway_id": "",
            "id": "rtbassoc-048e207efd7ec6585",
            "route_table_id": "rtb-09dc404ac58e2a0be",
            "subnet_id": "subnet-0d7e01415b99c25d8"
          },
          "sensitive_attributes": [],
          "private": "bnVsbA==",
          "dependencies": [
            "module.vpc-public-private.aws_route_table.public",
            "module.vpc-public-private.aws_subnet.public",
            "module.vpc-public-private.aws_vpc.this",
            "module.vpc-public-private.data.aws_availability_zones.this"
          ],
          "create_before_destroy": true
        },
        {
          "index_key": 4,
          "schema_version": 0,
          "attributes": {
            "gateway_id": "",
            "id": "rtbassoc-036319bcde3328e3f",
            "route_table_id": "rtb-09dc404ac58e2a0be",
            "subnet_id": "subnet-0ed016adef6be40fd"
          },
          "sensitive_attributes": [],
          "private": "bnVsbA==",
          "dependencies": [
            "module.vpc-public-private.aws_route_table.public",
            "module.vpc-public-private.aws_subnet.public",
            "module.vpc-public-private.aws_vpc.this",
            "module.vpc-public-private.data.aws_availability_zones.this"
          ],
          "create_before_destroy": true
        },
        {
          "index_key": 5,
          "schema_version": 0,
          "attributes": {
            "gateway_id": "",
            "id": "rtbassoc-0b892314d6e60d6e1",
            "route_table_id": "rtb-09dc404ac58e2a0be",
            "subnet_id": "subnet-05f2a9bcbcd95ff8d"
          },
          "sensitive_attributes": [],
          "private": "bnVsbA==",
          "dependencies": [
            "module.vpc-public-private.aws_route_table.public",
            "module.vpc-public-private.aws_subnet.public",
            "module.vpc-public-private.aws_vpc.this",
            "module.vpc-public-private.data.aws_availability_zones.this"
          ],
          "create_before_destroy": true
        }
      ]
    },
    {
      "module": "module.vpc-public-private",
      "mode": "managed",
      "type": "aws_subnet",
      "name": "private",
      "provider": "provider[\"registry.terraform.io/hashicorp/aws\"]",
      "instances": [
        {
          "index_key": 0,
          "schema_version": 1,
          "attributes": {
            "arn": "arn:aws:ec2:us-east-1:635183989824:subnet/subnet-0a7efad8e2e15210d",
            "assign_ipv6_address_on_creation": false,
            "availability_zone": "us-east-1a",
            "availability_zone_id": "use1-az2",
            "cidr_block": "10.0.96.0/20",
            "customer_owned_ipv4_pool": "",
            "id": "subnet-0a7efad8e2e15210d",
            "ipv6_cidr_block": "",
            "ipv6_cidr_block_association_id": "",
            "map_customer_owned_ip_on_launch": false,
            "map_public_ip_on_launch": false,
            "outpost_arn": "",
            "owner_id": "635183989824",
            "tags": {
              "Module": "terraform-aws-vpc-public-private",
              "Name": "sre-private",
              "Network": "NAT",
              "SubnetType": "private",
              "Workspace": "default"
            },
            "tags_all": {
              "Module": "terraform-aws-vpc-public-private",
              "Name": "sre-private",
              "Network": "NAT",
              "SubnetType": "private",
              "Workspace": "default"
            },
            "timeouts": null,
            "vpc_id": "vpc-030c2b9596fa82be7"
          },
          "sensitive_attributes": [],
          "private": "eyJlMmJmYjczMC1lY2FhLTExZTYtOGY4OC0zNDM2M2JjN2M0YzAiOnsiY3JlYXRlIjo2MDAwMDAwMDAwMDAsImRlbGV0ZSI6MTIwMDAwMDAwMDAwMH0sInNjaGVtYV92ZXJzaW9uIjoiMSJ9",
          "dependencies": [
            "module.vpc-public-private.aws_vpc.this",
            "module.vpc-public-private.data.aws_availability_zones.this"
          ],
          "create_before_destroy": true
        },
        {
          "index_key": 1,
          "schema_version": 1,
          "attributes": {
            "arn": "arn:aws:ec2:us-east-1:635183989824:subnet/subnet-075d165df7658ff3e",
            "assign_ipv6_address_on_creation": false,
            "availability_zone": "us-east-1b",
            "availability_zone_id": "use1-az4",
            "cidr_block": "10.0.112.0/20",
            "customer_owned_ipv4_pool": "",
            "id": "subnet-075d165df7658ff3e",
            "ipv6_cidr_block": "",
            "ipv6_cidr_block_association_id": "",
            "map_customer_owned_ip_on_launch": false,
            "map_public_ip_on_launch": false,
            "outpost_arn": "",
            "owner_id": "635183989824",
            "tags": {
              "Module": "terraform-aws-vpc-public-private",
              "Name": "sre-private",
              "Network": "NAT",
              "SubnetType": "private",
              "Workspace": "default"
            },
            "tags_all": {
              "Module": "terraform-aws-vpc-public-private",
              "Name": "sre-private",
              "Network": "NAT",
              "SubnetType": "private",
              "Workspace": "default"
            },
            "timeouts": null,
            "vpc_id": "vpc-030c2b9596fa82be7"
          },
          "sensitive_attributes": [],
          "private": "eyJlMmJmYjczMC1lY2FhLTExZTYtOGY4OC0zNDM2M2JjN2M0YzAiOnsiY3JlYXRlIjo2MDAwMDAwMDAwMDAsImRlbGV0ZSI6MTIwMDAwMDAwMDAwMH0sInNjaGVtYV92ZXJzaW9uIjoiMSJ9",
          "dependencies": [
            "module.vpc-public-private.aws_vpc.this",
            "module.vpc-public-private.data.aws_availability_zones.this"
          ],
          "create_before_destroy": true
        },
        {
          "index_key": 2,
          "schema_version": 1,
          "attributes": {
            "arn": "arn:aws:ec2:us-east-1:635183989824:subnet/subnet-010ecc3e28d008a29",
            "assign_ipv6_address_on_creation": false,
            "availability_zone": "us-east-1c",
            "availability_zone_id": "use1-az6",
            "cidr_block": "10.0.128.0/20",
            "customer_owned_ipv4_pool": "",
            "id": "subnet-010ecc3e28d008a29",
            "ipv6_cidr_block": "",
            "ipv6_cidr_block_association_id": "",
            "map_customer_owned_ip_on_launch": false,
            "map_public_ip_on_launch": false,
            "outpost_arn": "",
            "owner_id": "635183989824",
            "tags": {
              "Module": "terraform-aws-vpc-public-private",
              "Name": "sre-private",
              "Network": "NAT",
              "SubnetType": "private",
              "Workspace": "default"
            },
            "tags_all": {
              "Module": "terraform-aws-vpc-public-private",
              "Name": "sre-private",
              "Network": "NAT",
              "SubnetType": "private",
              "Workspace": "default"
            },
            "timeouts": null,
            "vpc_id": "vpc-030c2b9596fa82be7"
          },
          "sensitive_attributes": [],
          "private": "eyJlMmJmYjczMC1lY2FhLTExZTYtOGY4OC0zNDM2M2JjN2M0YzAiOnsiY3JlYXRlIjo2MDAwMDAwMDAwMDAsImRlbGV0ZSI6MTIwMDAwMDAwMDAwMH0sInNjaGVtYV92ZXJzaW9uIjoiMSJ9",
          "dependencies": [
            "module.vpc-public-private.aws_vpc.this",
            "module.vpc-public-private.data.aws_availability_zones.this"
          ],
          "create_before_destroy": true
        },
        {
          "index_key": 3,
          "schema_version": 1,
          "attributes": {
            "arn": "arn:aws:ec2:us-east-1:635183989824:subnet/subnet-06dc46b25c117aa32",
            "assign_ipv6_address_on_creation": false,
            "availability_zone": "us-east-1d",
            "availability_zone_id": "use1-az1",
            "cidr_block": "10.0.144.0/20",
            "customer_owned_ipv4_pool": "",
            "id": "subnet-06dc46b25c117aa32",
            "ipv6_cidr_block": "",
            "ipv6_cidr_block_association_id": "",
            "map_customer_owned_ip_on_launch": false,
            "map_public_ip_on_launch": false,
            "outpost_arn": "",
            "owner_id": "635183989824",
            "tags": {
              "Module": "terraform-aws-vpc-public-private",
              "Name": "sre-private",
              "Network": "NAT",
              "SubnetType": "private",
              "Workspace": "default"
            },
            "tags_all": {
              "Module": "terraform-aws-vpc-public-private",
              "Name": "sre-private",
              "Network": "NAT",
              "SubnetType": "private",
              "Workspace": "default"
            },
            "timeouts": null,
            "vpc_id": "vpc-030c2b9596fa82be7"
          },
          "sensitive_attributes": [],
          "private": "eyJlMmJmYjczMC1lY2FhLTExZTYtOGY4OC0zNDM2M2JjN2M0YzAiOnsiY3JlYXRlIjo2MDAwMDAwMDAwMDAsImRlbGV0ZSI6MTIwMDAwMDAwMDAwMH0sInNjaGVtYV92ZXJzaW9uIjoiMSJ9",
          "dependencies": [
            "module.vpc-public-private.aws_vpc.this",
            "module.vpc-public-private.data.aws_availability_zones.this"
          ],
          "create_before_destroy": true
        },
        {
          "index_key": 4,
          "schema_version": 1,
          "attributes": {
            "arn": "arn:aws:ec2:us-east-1:635183989824:subnet/subnet-0931586f161cfa578",
            "assign_ipv6_address_on_creation": false,
            "availability_zone": "us-east-1e",
            "availability_zone_id": "use1-az3",
            "cidr_block": "10.0.160.0/20",
            "customer_owned_ipv4_pool": "",
            "id": "subnet-0931586f161cfa578",
            "ipv6_cidr_block": "",
            "ipv6_cidr_block_association_id": "",
            "map_customer_owned_ip_on_launch": false,
            "map_public_ip_on_launch": false,
            "outpost_arn": "",
            "owner_id": "635183989824",
            "tags": {
              "Module": "terraform-aws-vpc-public-private",
              "Name": "sre-private",
              "Network": "NAT",
              "SubnetType": "private",
              "Workspace": "default"
            },
            "tags_all": {
              "Module": "terraform-aws-vpc-public-private",
              "Name": "sre-private",
              "Network": "NAT",
              "SubnetType": "private",
              "Workspace": "default"
            },
            "timeouts": null,
            "vpc_id": "vpc-030c2b9596fa82be7"
          },
          "sensitive_attributes": [],
          "private": "eyJlMmJmYjczMC1lY2FhLTExZTYtOGY4OC0zNDM2M2JjN2M0YzAiOnsiY3JlYXRlIjo2MDAwMDAwMDAwMDAsImRlbGV0ZSI6MTIwMDAwMDAwMDAwMH0sInNjaGVtYV92ZXJzaW9uIjoiMSJ9",
          "dependencies": [
            "module.vpc-public-private.aws_vpc.this",
            "module.vpc-public-private.data.aws_availability_zones.this"
          ],
          "create_before_destroy": true
        },
        {
          "index_key": 5,
          "schema_version": 1,
          "attributes": {
            "arn": "arn:aws:ec2:us-east-1:635183989824:subnet/subnet-015197ce85fc6eb87",
            "assign_ipv6_address_on_creation": false,
            "availability_zone": "us-east-1f",
            "availability_zone_id": "use1-az5",
            "cidr_block": "10.0.176.0/20",
            "customer_owned_ipv4_pool": "",
            "id": "subnet-015197ce85fc6eb87",
            "ipv6_cidr_block": "",
            "ipv6_cidr_block_association_id": "",
            "map_customer_owned_ip_on_launch": false,
            "map_public_ip_on_launch": false,
            "outpost_arn": "",
            "owner_id": "635183989824",
            "tags": {
              "Module": "terraform-aws-vpc-public-private",
              "Name": "sre-private",
              "Network": "NAT",
              "SubnetType": "private",
              "Workspace": "default"
            },
            "tags_all": {
              "Module": "terraform-aws-vpc-public-private",
              "Name": "sre-private",
              "Network": "NAT",
              "SubnetType": "private",
              "Workspace": "default"
            },
            "timeouts": null,
            "vpc_id": "vpc-030c2b9596fa82be7"
          },
          "sensitive_attributes": [],
          "private": "eyJlMmJmYjczMC1lY2FhLTExZTYtOGY4OC0zNDM2M2JjN2M0YzAiOnsiY3JlYXRlIjo2MDAwMDAwMDAwMDAsImRlbGV0ZSI6MTIwMDAwMDAwMDAwMH0sInNjaGVtYV92ZXJzaW9uIjoiMSJ9",
          "dependencies": [
            "module.vpc-public-private.aws_vpc.this",
            "module.vpc-public-private.data.aws_availability_zones.this"
          ],
          "create_before_destroy": true
        }
      ]
    },
    {
      "module": "module.vpc-public-private",
      "mode": "managed",
      "type": "aws_subnet",
      "name": "public",
      "provider": "provider[\"registry.terraform.io/hashicorp/aws\"]",
      "instances": [
        {
          "index_key": 0,
          "schema_version": 1,
          "attributes": {
            "arn": "arn:aws:ec2:us-east-1:635183989824:subnet/subnet-0b8a01cdf2106341e",
            "assign_ipv6_address_on_creation": false,
            "availability_zone": "us-east-1a",
            "availability_zone_id": "use1-az2",
            "cidr_block": "10.0.0.0/20",
            "customer_owned_ipv4_pool": "",
            "id": "subnet-0b8a01cdf2106341e",
            "ipv6_cidr_block": "",
            "ipv6_cidr_block_association_id": "",
            "map_customer_owned_ip_on_launch": false,
            "map_public_ip_on_launch": true,
            "outpost_arn": "",
            "owner_id": "635183989824",
            "tags": {
              "Module": "terraform-aws-vpc-public-private",
              "Name": "sre-public",
              "SubnetType": "public",
              "Workspace": "default"
            },
            "tags_all": {
              "Module": "terraform-aws-vpc-public-private",
              "Name": "sre-public",
              "SubnetType": "public",
              "Workspace": "default"
            },
            "timeouts": null,
            "vpc_id": "vpc-030c2b9596fa82be7"
          },
          "sensitive_attributes": [],
          "private": "eyJlMmJmYjczMC1lY2FhLTExZTYtOGY4OC0zNDM2M2JjN2M0YzAiOnsiY3JlYXRlIjo2MDAwMDAwMDAwMDAsImRlbGV0ZSI6MTIwMDAwMDAwMDAwMH0sInNjaGVtYV92ZXJzaW9uIjoiMSJ9",
          "dependencies": [
            "module.vpc-public-private.aws_vpc.this",
            "module.vpc-public-private.data.aws_availability_zones.this"
          ],
          "create_before_destroy": true
        },
        {
          "index_key": 1,
          "schema_version": 1,
          "attributes": {
            "arn": "arn:aws:ec2:us-east-1:635183989824:subnet/subnet-0a23d86e4e1bf4655",
            "assign_ipv6_address_on_creation": false,
            "availability_zone": "us-east-1b",
            "availability_zone_id": "use1-az4",
            "cidr_block": "10.0.16.0/20",
            "customer_owned_ipv4_pool": "",
            "id": "subnet-0a23d86e4e1bf4655",
            "ipv6_cidr_block": "",
            "ipv6_cidr_block_association_id": "",
            "map_customer_owned_ip_on_launch": false,
            "map_public_ip_on_launch": true,
            "outpost_arn": "",
            "owner_id": "635183989824",
            "tags": {
              "Module": "terraform-aws-vpc-public-private",
              "Name": "sre-public",
              "SubnetType": "public",
              "Workspace": "default"
            },
            "tags_all": {
              "Module": "terraform-aws-vpc-public-private",
              "Name": "sre-public",
              "SubnetType": "public",
              "Workspace": "default"
            },
            "timeouts": null,
            "vpc_id": "vpc-030c2b9596fa82be7"
          },
          "sensitive_attributes": [],
          "private": "eyJlMmJmYjczMC1lY2FhLTExZTYtOGY4OC0zNDM2M2JjN2M0YzAiOnsiY3JlYXRlIjo2MDAwMDAwMDAwMDAsImRlbGV0ZSI6MTIwMDAwMDAwMDAwMH0sInNjaGVtYV92ZXJzaW9uIjoiMSJ9",
          "dependencies": [
            "module.vpc-public-private.data.aws_availability_zones.this",
            "module.vpc-public-private.aws_vpc.this"
          ],
          "create_before_destroy": true
        },
        {
          "index_key": 2,
          "schema_version": 1,
          "attributes": {
            "arn": "arn:aws:ec2:us-east-1:635183989824:subnet/subnet-0a8ff5514c3f4395e",
            "assign_ipv6_address_on_creation": false,
            "availability_zone": "us-east-1c",
            "availability_zone_id": "use1-az6",
            "cidr_block": "10.0.32.0/20",
            "customer_owned_ipv4_pool": "",
            "id": "subnet-0a8ff5514c3f4395e",
            "ipv6_cidr_block": "",
            "ipv6_cidr_block_association_id": "",
            "map_customer_owned_ip_on_launch": false,
            "map_public_ip_on_launch": true,
            "outpost_arn": "",
            "owner_id": "635183989824",
            "tags": {
              "Module": "terraform-aws-vpc-public-private",
              "Name": "sre-public",
              "SubnetType": "public",
              "Workspace": "default"
            },
            "tags_all": {
              "Module": "terraform-aws-vpc-public-private",
              "Name": "sre-public",
              "SubnetType": "public",
              "Workspace": "default"
            },
            "timeouts": null,
            "vpc_id": "vpc-030c2b9596fa82be7"
          },
          "sensitive_attributes": [],
          "private": "eyJlMmJmYjczMC1lY2FhLTExZTYtOGY4OC0zNDM2M2JjN2M0YzAiOnsiY3JlYXRlIjo2MDAwMDAwMDAwMDAsImRlbGV0ZSI6MTIwMDAwMDAwMDAwMH0sInNjaGVtYV92ZXJzaW9uIjoiMSJ9",
          "dependencies": [
            "module.vpc-public-private.aws_vpc.this",
            "module.vpc-public-private.data.aws_availability_zones.this"
          ],
          "create_before_destroy": true
        },
        {
          "index_key": 3,
          "schema_version": 1,
          "attributes": {
            "arn": "arn:aws:ec2:us-east-1:635183989824:subnet/subnet-0d7e01415b99c25d8",
            "assign_ipv6_address_on_creation": false,
            "availability_zone": "us-east-1d",
            "availability_zone_id": "use1-az1",
            "cidr_block": "10.0.48.0/20",
            "customer_owned_ipv4_pool": "",
            "id": "subnet-0d7e01415b99c25d8",
            "ipv6_cidr_block": "",
            "ipv6_cidr_block_association_id": "",
            "map_customer_owned_ip_on_launch": false,
            "map_public_ip_on_launch": true,
            "outpost_arn": "",
            "owner_id": "635183989824",
            "tags": {
              "Module": "terraform-aws-vpc-public-private",
              "Name": "sre-public",
              "SubnetType": "public",
              "Workspace": "default"
            },
            "tags_all": {
              "Module": "terraform-aws-vpc-public-private",
              "Name": "sre-public",
              "SubnetType": "public",
              "Workspace": "default"
            },
            "timeouts": null,
            "vpc_id": "vpc-030c2b9596fa82be7"
          },
          "sensitive_attributes": [],
          "private": "eyJlMmJmYjczMC1lY2FhLTExZTYtOGY4OC0zNDM2M2JjN2M0YzAiOnsiY3JlYXRlIjo2MDAwMDAwMDAwMDAsImRlbGV0ZSI6MTIwMDAwMDAwMDAwMH0sInNjaGVtYV92ZXJzaW9uIjoiMSJ9",
          "dependencies": [
            "module.vpc-public-private.aws_vpc.this",
            "module.vpc-public-private.data.aws_availability_zones.this"
          ],
          "create_before_destroy": true
        },
        {
          "index_key": 4,
          "schema_version": 1,
          "attributes": {
            "arn": "arn:aws:ec2:us-east-1:635183989824:subnet/subnet-0ed016adef6be40fd",
            "assign_ipv6_address_on_creation": false,
            "availability_zone": "us-east-1e",
            "availability_zone_id": "use1-az3",
            "cidr_block": "10.0.64.0/20",
            "customer_owned_ipv4_pool": "",
            "id": "subnet-0ed016adef6be40fd",
            "ipv6_cidr_block": "",
            "ipv6_cidr_block_association_id": "",
            "map_customer_owned_ip_on_launch": false,
            "map_public_ip_on_launch": true,
            "outpost_arn": "",
            "owner_id": "635183989824",
            "tags": {
              "Module": "terraform-aws-vpc-public-private",
              "Name": "sre-public",
              "SubnetType": "public",
              "Workspace": "default"
            },
            "tags_all": {
              "Module": "terraform-aws-vpc-public-private",
              "Name": "sre-public",
              "SubnetType": "public",
              "Workspace": "default"
            },
            "timeouts": null,
            "vpc_id": "vpc-030c2b9596fa82be7"
          },
          "sensitive_attributes": [],
          "private": "eyJlMmJmYjczMC1lY2FhLTExZTYtOGY4OC0zNDM2M2JjN2M0YzAiOnsiY3JlYXRlIjo2MDAwMDAwMDAwMDAsImRlbGV0ZSI6MTIwMDAwMDAwMDAwMH0sInNjaGVtYV92ZXJzaW9uIjoiMSJ9",
          "dependencies": [
            "module.vpc-public-private.data.aws_availability_zones.this",
            "module.vpc-public-private.aws_vpc.this"
          ],
          "create_before_destroy": true
        },
        {
          "index_key": 5,
          "schema_version": 1,
          "attributes": {
            "arn": "arn:aws:ec2:us-east-1:635183989824:subnet/subnet-05f2a9bcbcd95ff8d",
            "assign_ipv6_address_on_creation": false,
            "availability_zone": "us-east-1f",
            "availability_zone_id": "use1-az5",
            "cidr_block": "10.0.80.0/20",
            "customer_owned_ipv4_pool": "",
            "id": "subnet-05f2a9bcbcd95ff8d",
            "ipv6_cidr_block": "",
            "ipv6_cidr_block_association_id": "",
            "map_customer_owned_ip_on_launch": false,
            "map_public_ip_on_launch": true,
            "outpost_arn": "",
            "owner_id": "635183989824",
            "tags": {
              "Module": "terraform-aws-vpc-public-private",
              "Name": "sre-public",
              "SubnetType": "public",
              "Workspace": "default"
            },
            "tags_all": {
              "Module": "terraform-aws-vpc-public-private",
              "Name": "sre-public",
              "SubnetType": "public",
              "Workspace": "default"
            },
            "timeouts": null,
            "vpc_id": "vpc-030c2b9596fa82be7"
          },
          "sensitive_attributes": [],
          "private": "eyJlMmJmYjczMC1lY2FhLTExZTYtOGY4OC0zNDM2M2JjN2M0YzAiOnsiY3JlYXRlIjo2MDAwMDAwMDAwMDAsImRlbGV0ZSI6MTIwMDAwMDAwMDAwMH0sInNjaGVtYV92ZXJzaW9uIjoiMSJ9",
          "dependencies": [
            "module.vpc-public-private.aws_vpc.this",
            "module.vpc-public-private.data.aws_availability_zones.this"
          ],
          "create_before_destroy": true
        }
      ]
    },
    {
      "module": "module.vpc-public-private",
      "mode": "managed",
      "type": "aws_vpc",
      "name": "this",
      "provider": "provider[\"registry.terraform.io/hashicorp/aws\"]",
      "instances": [
        {
          "index_key": 0,
          "schema_version": 1,
          "attributes": {
            "arn": "arn:aws:ec2:us-east-1:635183989824:vpc/vpc-030c2b9596fa82be7",
            "assign_generated_ipv6_cidr_block": false,
            "cidr_block": "10.0.0.0/16",
            "default_network_acl_id": "acl-03dd00c5b7877dd0c",
            "default_route_table_id": "rtb-0c0134ecc8942208c",
            "default_security_group_id": "sg-03b599dc66d934202",
            "dhcp_options_id": "dopt-0faee6b4d1154be72",
            "enable_classiclink": false,
            "enable_classiclink_dns_support": false,
            "enable_dns_hostnames": true,
            "enable_dns_support": true,
            "id": "vpc-030c2b9596fa82be7",
            "instance_tenancy": "default",
            "ipv6_association_id": "",
            "ipv6_cidr_block": "",
            "main_route_table_id": "rtb-0c0134ecc8942208c",
            "owner_id": "635183989824",
            "tags": {
              "Module": "terraform-aws-vpc-public-private",
              "Name": "sre-vpc-public-private",
              "Workspace": "default"
            },
            "tags_all": {
              "Module": "terraform-aws-vpc-public-private",
              "Name": "sre-vpc-public-private",
              "Workspace": "default"
            }
          },
          "sensitive_attributes": [],
          "private": "eyJzY2hlbWFfdmVyc2lvbiI6IjEifQ==",
          "create_before_destroy": true
        }
      ]
    },
    {
      "module": "module.vpc-public-private",
      "mode": "managed",
      "type": "random_id",
      "name": "this",
      "provider": "provider[\"registry.terraform.io/hashicorp/random\"]",
      "instances": [
        {
          "schema_version": 0,
          "attributes": {
            "b64_std": "XQ==",
            "b64_url": "XQ",
            "byte_length": 1,
            "dec": "93",
            "hex": "5d",
            "id": "XQ",
            "keepers": {
              "cidr_block": "10.0.0.0/16"
            },
            "prefix": null
          },
          "sensitive_attributes": [],
          "private": "bnVsbA==",
          "create_before_destroy": true
        }
      ]
    }
  ]
}
